PODS:
  - EDStarRating (1.1)
  - FXReachability (1.3.2)
  - Haneke (1.0.2)
  - Realm (3.7.6):
    - Realm/Headers (= 3.7.6)
  - Realm/Headers (3.7.6)
  - RealmSwift (3.7.6):
    - Realm (= 3.7.6)
  - SVProgressHUD (2.2.5)

DEPENDENCIES:
  - EDStarRating (~> 1.1)
  - FXReachability (~> 1.3.2)
  - Haneke (~> 1.0)
  - RealmSwift (~> 3.7.6)
  - SVProgressHUD (~> 2.2.5)

SPEC REPOS:
  https://github.com/cocoapods/specs.git:
    - EDStarRating
    - FXReachability
    - Haneke
    - Realm
    - RealmSwift
    - SVProgressHUD

SPEC CHECKSUMS:
  EDStarRating: a41a6440a945020745d0e9ff8ada7d1afa952114
  FXReachability: 9a1a07c511e1f8026f2c88b06a70847715078fce
  Haneke: 01454a67322faa0dd9d81fc0f447885044e71521
  Realm: 9eaecad54712d6246d08ba34c10f354e4715d7d3
  RealmSwift: 1fe08b4ebaeeaacf17f9ba0343f7b25c9fc31fa6
  SVProgressHUD: 1428aafac632c1f86f62aa4243ec12008d7a51d6

PODFILE CHECKSUM: c83dfcb7efe1254b643867f472bd9cae4c8e39d3

COCOAPODS: 1.5.3
