// !$*UTF8*$!
{
	archiveVersion = 1;
	classes = {
	};
	objectVersion = 50;
	objects = {

/* Begin PBXBuildFile section */
		11F1C77A0B50259993134249 /* libPods-iMoviesTests.a in Frameworks */ = {isa = PBXBuildFile; fileRef = B79E71ACF5F54761D180B64D /* libPods-iMoviesTests.a */; };
		B15A02DB1F1699BF8CAFD731 /* libPods-iMovies.a in Frameworks */ = {isa = PBXBuildFile; fileRef = B410692AFE4604063886338C /* libPods-iMovies.a */; };
		C82AD782213DA12A000EF9A4 /* IMSearchViewController.swift in Sources */ = {isa = PBXBuildFile; fileRef = C82AD781213DA12A000EF9A4 /* IMSearchViewController.swift */; };
		C82AD786213DA55A000EF9A4 /* UIView.swift in Sources */ = {isa = PBXBuildFile; fileRef = C82AD785213DA55A000EF9A4 /* UIView.swift */; };
		C82AD78B213DADF9000EF9A4 /* EndPoint.swift in Sources */ = {isa = PBXBuildFile; fileRef = C82AD78A213DADF9000EF9A4 /* EndPoint.swift */; };
		C82AD78E213DB130000EF9A4 /* ResultError.swift in Sources */ = {isa = PBXBuildFile; fileRef = C82AD78D213DB130000EF9A4 /* ResultError.swift */; };
		C82AD790213DB194000EF9A4 /* IMRequestErrors.swift in Sources */ = {isa = PBXBuildFile; fileRef = C82AD78F213DB194000EF9A4 /* IMRequestErrors.swift */; };
		C82AD792213DB1B7000EF9A4 /* HTTPCode.swift in Sources */ = {isa = PBXBuildFile; fileRef = C82AD791213DB1B7000EF9A4 /* HTTPCode.swift */; };
		C82AD794213DB1CF000EF9A4 /* NetworkHeaders.swift in Sources */ = {isa = PBXBuildFile; fileRef = C82AD793213DB1CF000EF9A4 /* NetworkHeaders.swift */; };
		C82AD796213DB20B000EF9A4 /* RequestManager.swift in Sources */ = {isa = PBXBuildFile; fileRef = C82AD795213DB20B000EF9A4 /* RequestManager.swift */; };
		C82AD798213DB217000EF9A4 /* RequestProtocol.swift in Sources */ = {isa = PBXBuildFile; fileRef = C82AD797213DB217000EF9A4 /* RequestProtocol.swift */; };
		C82AD79A213DB226000EF9A4 /* Result.swift in Sources */ = {isa = PBXBuildFile; fileRef = C82AD799213DB226000EF9A4 /* Result.swift */; };
		C82AD79F213DB447000EF9A4 /* IMGetMoviesRequest.swift in Sources */ = {isa = PBXBuildFile; fileRef = C82AD79E213DB447000EF9A4 /* IMGetMoviesRequest.swift */; };
		C82AD7A2213DB6E8000EF9A4 /* IMNetworkTests.swift in Sources */ = {isa = PBXBuildFile; fileRef = C82AD7A1213DB6E8000EF9A4 /* IMNetworkTests.swift */; };
		C82AD7A4213DC398000EF9A4 /* IMMoviesResponse.swift in Sources */ = {isa = PBXBuildFile; fileRef = C82AD7A3213DC398000EF9A4 /* IMMoviesResponse.swift */; };
		C82AD7A7213E6F31000EF9A4 /* IMMovieImagesTest.swift in Sources */ = {isa = PBXBuildFile; fileRef = C82AD7A6213E6F31000EF9A4 /* IMMovieImagesTest.swift */; };
		C82AD7AA213E7030000EF9A4 /* IMMovieImageManager.swift in Sources */ = {isa = PBXBuildFile; fileRef = C82AD7A9213E7030000EF9A4 /* IMMovieImageManager.swift */; };
		C82AD7AC213E7CAF000EF9A4 /* IMDownloadImagesTest.swift in Sources */ = {isa = PBXBuildFile; fileRef = C82AD7AB213E7CAF000EF9A4 /* IMDownloadImagesTest.swift */; };
		C82AD7AF213E89EE000EF9A4 /* IMSearchProtocols.swift in Sources */ = {isa = PBXBuildFile; fileRef = C82AD7AE213E89EE000EF9A4 /* IMSearchProtocols.swift */; };
		C8C54B83213D9F2500E8C5A0 /* AppDelegate.swift in Sources */ = {isa = PBXBuildFile; fileRef = C8C54B82213D9F2500E8C5A0 /* AppDelegate.swift */; };
		C8C54B8A213D9F2600E8C5A0 /* Assets.xcassets in Resources */ = {isa = PBXBuildFile; fileRef = C8C54B89213D9F2600E8C5A0 /* Assets.xcassets */; };
		C8C54B8D213D9F2600E8C5A0 /* LaunchScreen.storyboard in Resources */ = {isa = PBXBuildFile; fileRef = C8C54B8B213D9F2600E8C5A0 /* LaunchScreen.storyboard */; };
/* End PBXBuildFile section */

/* Begin PBXContainerItemProxy section */
		C8C54B94213D9F2600E8C5A0 /* PBXContainerItemProxy */ = {
			isa = PBXContainerItemProxy;
			containerPortal = C8C54B77213D9F2400E8C5A0 /* Project object */;
			proxyType = 1;
			remoteGlobalIDString = C8C54B7E213D9F2500E8C5A0;
			remoteInfo = iMovies;
		};
/* End PBXContainerItemProxy section */

/* Begin PBXFileReference section */
		0153EB52AF137A0289902E5C /* Pods-iMovies.release.xcconfig */ = {isa = PBXFileReference; includeInIndex = 1; lastKnownFileType = text.xcconfig; name = "Pods-iMovies.release.xcconfig"; path = "Pods/Target Support Files/Pods-iMovies/Pods-iMovies.release.xcconfig"; sourceTree = "<group>"; };
		7631A82C09F8DA847EBA1F94 /* Pods-iMoviesTests.release.xcconfig */ = {isa = PBXFileReference; includeInIndex = 1; lastKnownFileType = text.xcconfig; name = "Pods-iMoviesTests.release.xcconfig"; path = "Pods/Target Support Files/Pods-iMoviesTests/Pods-iMoviesTests.release.xcconfig"; sourceTree = "<group>"; };
		86835C74085F076D13B3E165 /* Pods-iMoviesTests.debug.xcconfig */ = {isa = PBXFileReference; includeInIndex = 1; lastKnownFileType = text.xcconfig; name = "Pods-iMoviesTests.debug.xcconfig"; path = "Pods/Target Support Files/Pods-iMoviesTests/Pods-iMoviesTests.debug.xcconfig"; sourceTree = "<group>"; };
		B410692AFE4604063886338C /* libPods-iMovies.a */ = {isa = PBXFileReference; explicitFileType = archive.ar; includeInIndex = 0; path = "libPods-iMovies.a"; sourceTree = BUILT_PRODUCTS_DIR; };
		B79E71ACF5F54761D180B64D /* libPods-iMoviesTests.a */ = {isa = PBXFileReference; explicitFileType = archive.ar; includeInIndex = 0; path = "libPods-iMoviesTests.a"; sourceTree = BUILT_PRODUCTS_DIR; };
		C82AD781213DA12A000EF9A4 /* IMSearchViewController.swift */ = {isa = PBXFileReference; lastKnownFileType = sourcecode.swift; path = IMSearchViewController.swift; sourceTree = "<group>"; };
		C82AD785213DA55A000EF9A4 /* UIView.swift */ = {isa = PBXFileReference; lastKnownFileType = sourcecode.swift; path = UIView.swift; sourceTree = "<group>"; };
		C82AD78A213DADF9000EF9A4 /* EndPoint.swift */ = {isa = PBXFileReference; lastKnownFileType = sourcecode.swift; path = EndPoint.swift; sourceTree = "<group>"; };
		C82AD78D213DB130000EF9A4 /* ResultError.swift */ = {isa = PBXFileReference; lastKnownFileType = sourcecode.swift; path = ResultError.swift; sourceTree = "<group>"; };
		C82AD78F213DB194000EF9A4 /* IMRequestErrors.swift */ = {isa = PBXFileReference; lastKnownFileType = sourcecode.swift; path = IMRequestErrors.swift; sourceTree = "<group>"; };
		C82AD791213DB1B7000EF9A4 /* HTTPCode.swift */ = {isa = PBXFileReference; lastKnownFileType = sourcecode.swift; path = HTTPCode.swift; sourceTree = "<group>"; };
		C82AD793213DB1CF000EF9A4 /* NetworkHeaders.swift */ = {isa = PBXFileReference; lastKnownFileType = sourcecode.swift; path = NetworkHeaders.swift; sourceTree = "<group>"; };
		C82AD795213DB20B000EF9A4 /* RequestManager.swift */ = {isa = PBXFileReference; lastKnownFileType = sourcecode.swift; path = RequestManager.swift; sourceTree = "<group>"; };
		C82AD797213DB217000EF9A4 /* RequestProtocol.swift */ = {isa = PBXFileReference; lastKnownFileType = sourcecode.swift; path = RequestProtocol.swift; sourceTree = "<group>"; };
		C82AD799213DB226000EF9A4 /* Result.swift */ = {isa = PBXFileReference; lastKnownFileType = sourcecode.swift; path = Result.swift; sourceTree = "<group>"; };
		C82AD79E213DB447000EF9A4 /* IMGetMoviesRequest.swift */ = {isa = PBXFileReference; lastKnownFileType = sourcecode.swift; path = IMGetMoviesRequest.swift; sourceTree = "<group>"; };
		C82AD7A1213DB6E8000EF9A4 /* IMNetworkTests.swift */ = {isa = PBXFileReference; lastKnownFileType = sourcecode.swift; path = IMNetworkTests.swift; sourceTree = "<group>"; };
		C82AD7A3213DC398000EF9A4 /* IMMoviesResponse.swift */ = {isa = PBXFileReference; lastKnownFileType = sourcecode.swift; path = IMMoviesResponse.swift; sourceTree = "<group>"; };
		C82AD7A6213E6F31000EF9A4 /* IMMovieImagesTest.swift */ = {isa = PBXFileReference; lastKnownFileType = sourcecode.swift; path = IMMovieImagesTest.swift; sourceTree = "<group>"; };
		C82AD7A9213E7030000EF9A4 /* IMMovieImageManager.swift */ = {isa = PBXFileReference; lastKnownFileType = sourcecode.swift; path = IMMovieImageManager.swift; sourceTree = "<group>"; };
		C82AD7AB213E7CAF000EF9A4 /* IMDownloadImagesTest.swift */ = {isa = PBXFileReference; lastKnownFileType = sourcecode.swift; path = IMDownloadImagesTest.swift; sourceTree = "<group>"; };
		C82AD7AD213E7D33000EF9A4 /* iMovies-Bridging-Header.h */ = {isa = PBXFileReference; lastKnownFileType = sourcecode.c.h; path = "iMovies-Bridging-Header.h"; sourceTree = "<group>"; };
		C82AD7AE213E89EE000EF9A4 /* IMSearchProtocols.swift */ = {isa = PBXFileReference; lastKnownFileType = sourcecode.swift; path = IMSearchProtocols.swift; sourceTree = "<group>"; };
		C8C54B7F213D9F2500E8C5A0 /* iMovies.app */ = {isa = PBXFileReference; explicitFileType = wrapper.application; includeInIndex = 0; path = iMovies.app; sourceTree = BUILT_PRODUCTS_DIR; };
		C8C54B82213D9F2500E8C5A0 /* AppDelegate.swift */ = {isa = PBXFileReference; lastKnownFileType = sourcecode.swift; path = AppDelegate.swift; sourceTree = "<group>"; };
		C8C54B89213D9F2600E8C5A0 /* Assets.xcassets */ = {isa = PBXFileReference; lastKnownFileType = folder.assetcatalog; path = Assets.xcassets; sourceTree = "<group>"; };
		C8C54B8C213D9F2600E8C5A0 /* Base */ = {isa = PBXFileReference; lastKnownFileType = file.storyboard; name = Base; path = Base.lproj/LaunchScreen.storyboard; sourceTree = "<group>"; };
		C8C54B8E213D9F2600E8C5A0 /* Info.plist */ = {isa = PBXFileReference; lastKnownFileType = text.plist.xml; path = Info.plist; sourceTree = "<group>"; };
		C8C54B93213D9F2600E8C5A0 /* iMoviesTests.xctest */ = {isa = PBXFileReference; explicitFileType = wrapper.cfbundle; includeInIndex = 0; path = iMoviesTests.xctest; sourceTree = BUILT_PRODUCTS_DIR; };
		C8C54B99213D9F2600E8C5A0 /* Info.plist */ = {isa = PBXFileReference; lastKnownFileType = text.plist.xml; path = Info.plist; sourceTree = "<group>"; };
		D0331BA2DFB2B9E43C2257A2 /* Pods-iMovies.debug.xcconfig */ = {isa = PBXFileReference; includeInIndex = 1; lastKnownFileType = text.xcconfig; name = "Pods-iMovies.debug.xcconfig"; path = "Pods/Target Support Files/Pods-iMovies/Pods-iMovies.debug.xcconfig"; sourceTree = "<group>"; };
/* End PBXFileReference section */

/* Begin PBXFrameworksBuildPhase section */
		C8C54B7C213D9F2500E8C5A0 /* Frameworks */ = {
			isa = PBXFrameworksBuildPhase;
			buildActionMask = 2147483647;
			files = (
				B15A02DB1F1699BF8CAFD731 /* libPods-iMovies.a in Frameworks */,
			);
			runOnlyForDeploymentPostprocessing = 0;
		};
		C8C54B90213D9F2600E8C5A0 /* Frameworks */ = {
			isa = PBXFrameworksBuildPhase;
			buildActionMask = 2147483647;
			files = (
				11F1C77A0B50259993134249 /* libPods-iMoviesTests.a in Frameworks */,
			);
			runOnlyForDeploymentPostprocessing = 0;
		};
/* End PBXFrameworksBuildPhase section */

/* Begin PBXGroup section */
		5A5CDF280F4EE8516DAB2A42 /* Pods */ = {
			isa = PBXGroup;
			children = (
				D0331BA2DFB2B9E43C2257A2 /* Pods-iMovies.debug.xcconfig */,
				0153EB52AF137A0289902E5C /* Pods-iMovies.release.xcconfig */,
				86835C74085F076D13B3E165 /* Pods-iMoviesTests.debug.xcconfig */,
				7631A82C09F8DA847EBA1F94 /* Pods-iMoviesTests.release.xcconfig */,
			);
			name = Pods;
			sourceTree = "<group>";
		};
		C82AD77F213DA0D4000EF9A4 /* Views */ = {
			isa = PBXGroup;
			children = (
				C82AD780213DA0EF000EF9A4 /* Search */,
			);
			path = Views;
			sourceTree = "<group>";
		};
		C82AD780213DA0EF000EF9A4 /* Search */ = {
			isa = PBXGroup;
			children = (
				C82AD7AE213E89EE000EF9A4 /* IMSearchProtocols.swift */,
				C82AD781213DA12A000EF9A4 /* IMSearchViewController.swift */,
			);
			path = Search;
			sourceTree = "<group>";
		};
		C82AD783213DA542000EF9A4 /* Extensions */ = {
			isa = PBXGroup;
			children = (
				C82AD784213DA54C000EF9A4 /* UIView */,
			);
			path = Extensions;
			sourceTree = "<group>";
		};
		C82AD784213DA54C000EF9A4 /* UIView */ = {
			isa = PBXGroup;
			children = (
				C82AD785213DA55A000EF9A4 /* UIView.swift */,
			);
			path = UIView;
			sourceTree = "<group>";
		};
		C82AD787213DADB3000EF9A4 /* Network */ = {
			isa = PBXGroup;
			children = (
				C82AD789213DADC3000EF9A4 /* Common */,
				C82AD788213DADBB000EF9A4 /* Request */,
			);
			path = Network;
			sourceTree = "<group>";
		};
		C82AD788213DADBB000EF9A4 /* Request */ = {
			isa = PBXGroup;
			children = (
				C82AD79B213DB3B6000EF9A4 /* Data Models */,
				C82AD79E213DB447000EF9A4 /* IMGetMoviesRequest.swift */,
			);
			path = Request;
			sourceTree = "<group>";
		};
		C82AD789213DADC3000EF9A4 /* Common */ = {
			isa = PBXGroup;
			children = (
				C82AD78C213DB11B000EF9A4 /* Errors */,
				C82AD78A213DADF9000EF9A4 /* EndPoint.swift */,
				C82AD791213DB1B7000EF9A4 /* HTTPCode.swift */,
				C82AD793213DB1CF000EF9A4 /* NetworkHeaders.swift */,
				C82AD795213DB20B000EF9A4 /* RequestManager.swift */,
				C82AD797213DB217000EF9A4 /* RequestProtocol.swift */,
				C82AD799213DB226000EF9A4 /* Result.swift */,
			);
			path = Common;
			sourceTree = "<group>";
		};
		C82AD78C213DB11B000EF9A4 /* Errors */ = {
			isa = PBXGroup;
			children = (
				C82AD78D213DB130000EF9A4 /* ResultError.swift */,
				C82AD78F213DB194000EF9A4 /* IMRequestErrors.swift */,
			);
			path = Errors;
			sourceTree = "<group>";
		};
		C82AD79B213DB3B6000EF9A4 /* Data Models */ = {
			isa = PBXGroup;
			children = (
				C82AD7A3213DC398000EF9A4 /* IMMoviesResponse.swift */,
			);
			path = "Data Models";
			sourceTree = "<group>";
		};
		C82AD7A0213DB6CA000EF9A4 /* Network */ = {
			isa = PBXGroup;
			children = (
				C82AD7A1213DB6E8000EF9A4 /* IMNetworkTests.swift */,
			);
			path = Network;
			sourceTree = "<group>";
		};
		C82AD7A5213E6F09000EF9A4 /* Movie Images */ = {
			isa = PBXGroup;
			children = (
				C82AD7A6213E6F31000EF9A4 /* IMMovieImagesTest.swift */,
				C82AD7AB213E7CAF000EF9A4 /* IMDownloadImagesTest.swift */,
			);
			path = "Movie Images";
			sourceTree = "<group>";
		};
		C82AD7A8213E7013000EF9A4 /* Manager */ = {
			isa = PBXGroup;
			children = (
				C82AD7A9213E7030000EF9A4 /* IMMovieImageManager.swift */,
			);
			path = Manager;
			sourceTree = "<group>";
		};
		C8C54B76213D9F2400E8C5A0 = {
			isa = PBXGroup;
			children = (
				C8C54B81213D9F2500E8C5A0 /* iMovies */,
				C8C54B96213D9F2600E8C5A0 /* iMoviesTests */,
				C8C54B80213D9F2500E8C5A0 /* Products */,
				5A5CDF280F4EE8516DAB2A42 /* Pods */,
				F6C905871826AEED4C2B8B07 /* Frameworks */,
			);
			sourceTree = "<group>";
		};
		C8C54B80213D9F2500E8C5A0 /* Products */ = {
			isa = PBXGroup;
			children = (
				C8C54B7F213D9F2500E8C5A0 /* iMovies.app */,
				C8C54B93213D9F2600E8C5A0 /* iMoviesTests.xctest */,
			);
			name = Products;
			sourceTree = "<group>";
		};
		C8C54B81213D9F2500E8C5A0 /* iMovies */ = {
			isa = PBXGroup;
			children = (
				C82AD7AD213E7D33000EF9A4 /* iMovies-Bridging-Header.h */,
				C8C54B82213D9F2500E8C5A0 /* AppDelegate.swift */,
				C82AD77F213DA0D4000EF9A4 /* Views */,
				C82AD7A8213E7013000EF9A4 /* Manager */,
				C82AD783213DA542000EF9A4 /* Extensions */,
				C82AD787213DADB3000EF9A4 /* Network */,
				C8C54B89213D9F2600E8C5A0 /* Assets.xcassets */,
				C8C54B8B213D9F2600E8C5A0 /* LaunchScreen.storyboard */,
				C8C54B8E213D9F2600E8C5A0 /* Info.plist */,
			);
			path = iMovies;
			sourceTree = "<group>";
		};
		C8C54B96213D9F2600E8C5A0 /* iMoviesTests */ = {
			isa = PBXGroup;
			children = (
				C82AD7A5213E6F09000EF9A4 /* Movie Images */,
				C82AD7A0213DB6CA000EF9A4 /* Network */,
				C8C54B99213D9F2600E8C5A0 /* Info.plist */,
			);
			path = iMoviesTests;
			sourceTree = "<group>";
		};
		F6C905871826AEED4C2B8B07 /* Frameworks */ = {
			isa = PBXGroup;
			children = (
				B410692AFE4604063886338C /* libPods-iMovies.a */,
				B79E71ACF5F54761D180B64D /* libPods-iMoviesTests.a */,
			);
			name = Frameworks;
			sourceTree = "<group>";
		};
/* End PBXGroup section */

/* Begin PBXNativeTarget section */
		C8C54B7E213D9F2500E8C5A0 /* iMovies */ = {
			isa = PBXNativeTarget;
			buildConfigurationList = C8C54B9C213D9F2600E8C5A0 /* Build configuration list for PBXNativeTarget "iMovies" */;
			buildPhases = (
				0EF6302FBDAB4129E472D69C /* [CP] Check Pods Manifest.lock */,
				C8C54B7B213D9F2500E8C5A0 /* Sources */,
				C8C54B7C213D9F2500E8C5A0 /* Frameworks */,
				C8C54B7D213D9F2500E8C5A0 /* Resources */,
			);
			buildRules = (
			);
			dependencies = (
			);
			name = iMovies;
			productName = iMovies;
			productReference = C8C54B7F213D9F2500E8C5A0 /* iMovies.app */;
			productType = "com.apple.product-type.application";
		};
		C8C54B92213D9F2600E8C5A0 /* iMoviesTests */ = {
			isa = PBXNativeTarget;
			buildConfigurationList = C8C54B9F213D9F2600E8C5A0 /* Build configuration list for PBXNativeTarget "iMoviesTests" */;
			buildPhases = (
				7F4426C1FC6D30E0EC32968E /* [CP] Check Pods Manifest.lock */,
				C8C54B8F213D9F2600E8C5A0 /* Sources */,
				C8C54B90213D9F2600E8C5A0 /* Frameworks */,
				C8C54B91213D9F2600E8C5A0 /* Resources */,
			);
			buildRules = (
			);
			dependencies = (
				C8C54B95213D9F2600E8C5A0 /* PBXTargetDependency */,
			);
			name = iMoviesTests;
			productName = iMoviesTests;
			productReference = C8C54B93213D9F2600E8C5A0 /* iMoviesTests.xctest */;
			productType = "com.apple.product-type.bundle.unit-test";
		};
/* End PBXNativeTarget section */

/* Begin PBXProject section */
		C8C54B77213D9F2400E8C5A0 /* Project object */ = {
			isa = PBXProject;
			attributes = {
				CLASSPREFIX = IM;
				LastSwiftUpdateCheck = 0940;
				LastUpgradeCheck = 0940;
				ORGANIZATIONNAME = Careem;
				TargetAttributes = {
					C8C54B7E213D9F2500E8C5A0 = {
						CreatedOnToolsVersion = 9.4.1;
					};
					C8C54B92213D9F2600E8C5A0 = {
						CreatedOnToolsVersion = 9.4.1;
						TestTargetID = C8C54B7E213D9F2500E8C5A0;
					};
				};
			};
			buildConfigurationList = C8C54B7A213D9F2400E8C5A0 /* Build configuration list for PBXProject "iMovies" */;
			compatibilityVersion = "Xcode 9.3";
			developmentRegion = en;
			hasScannedForEncodings = 0;
			knownRegions = (
				en,
				Base,
			);
			mainGroup = C8C54B76213D9F2400E8C5A0;
			productRefGroup = C8C54B80213D9F2500E8C5A0 /* Products */;
			projectDirPath = "";
			projectRoot = "";
			targets = (
				C8C54B7E213D9F2500E8C5A0 /* iMovies */,
				C8C54B92213D9F2600E8C5A0 /* iMoviesTests */,
			);
		};
/* End PBXProject section */

/* Begin PBXResourcesBuildPhase section */
		C8C54B7D213D9F2500E8C5A0 /* Resources */ = {
			isa = PBXResourcesBuildPhase;
			buildActionMask = 2147483647;
			files = (
				C8C54B8D213D9F2600E8C5A0 /* LaunchScreen.storyboard in Resources */,
				C8C54B8A213D9F2600E8C5A0 /* Assets.xcassets in Resources */,
			);
			runOnlyForDeploymentPostprocessing = 0;
		};
		C8C54B91213D9F2600E8C5A0 /* Resources */ = {
			isa = PBXResourcesBuildPhase;
			buildActionMask = 2147483647;
			files = (
			);
			runOnlyForDeploymentPostprocessing = 0;
		};
/* End PBXResourcesBuildPhase section */

/* Begin PBXShellScriptBuildPhase section */
		0EF6302FBDAB4129E472D69C /* [CP] Check Pods Manifest.lock */ = {
			isa = PBXShellScriptBuildPhase;
			buildActionMask = 2147483647;
			files = (
			);
			inputPaths = (
				"${PODS_PODFILE_DIR_PATH}/Podfile.lock",
				"${PODS_ROOT}/Manifest.lock",
			);
			name = "[CP] Check Pods Manifest.lock";
			outputPaths = (
				"$(DERIVED_FILE_DIR)/Pods-iMovies-checkManifestLockResult.txt",
			);
			runOnlyForDeploymentPostprocessing = 0;
			shellPath = /bin/sh;
			shellScript = "diff \"${PODS_PODFILE_DIR_PATH}/Podfile.lock\" \"${PODS_ROOT}/Manifest.lock\" > /dev/null\nif [ $? != 0 ] ; then\n    # print error to STDERR\n    echo \"error: The sandbox is not in sync with the Podfile.lock. Run 'pod install' or update your CocoaPods installation.\" >&2\n    exit 1\nfi\n# This output is used by Xcode 'outputs' to avoid re-running this script phase.\necho \"SUCCESS\" > \"${SCRIPT_OUTPUT_FILE_0}\"\n";
			showEnvVarsInLog = 0;
		};
		7F4426C1FC6D30E0EC32968E /* [CP] Check Pods Manifest.lock */ = {
			isa = PBXShellScriptBuildPhase;
			buildActionMask = 2147483647;
			files = (
			);
			inputPaths = (
				"${PODS_PODFILE_DIR_PATH}/Podfile.lock",
				"${PODS_ROOT}/Manifest.lock",
			);
			name = "[CP] Check Pods Manifest.lock";
			outputPaths = (
				"$(DERIVED_FILE_DIR)/Pods-iMoviesTests-checkManifestLockResult.txt",
			);
			runOnlyForDeploymentPostprocessing = 0;
			shellPath = /bin/sh;
			shellScript = "diff \"${PODS_PODFILE_DIR_PATH}/Podfile.lock\" \"${PODS_ROOT}/Manifest.lock\" > /dev/null\nif [ $? != 0 ] ; then\n    # print error to STDERR\n    echo \"error: The sandbox is not in sync with the Podfile.lock. Run 'pod install' or update your CocoaPods installation.\" >&2\n    exit 1\nfi\n# This output is used by Xcode 'outputs' to avoid re-running this script phase.\necho \"SUCCESS\" > \"${SCRIPT_OUTPUT_FILE_0}\"\n";
			showEnvVarsInLog = 0;
		};
/* End PBXShellScriptBuildPhase section */

/* Begin PBXSourcesBuildPhase section */
		C8C54B7B213D9F2500E8C5A0 /* Sources */ = {
			isa = PBXSourcesBuildPhase;
			buildActionMask = 2147483647;
			files = (
				C82AD790213DB194000EF9A4 /* IMRequestErrors.swift in Sources */,
				C82AD782213DA12A000EF9A4 /* IMSearchViewController.swift in Sources */,
				C82AD7A4213DC398000EF9A4 /* IMMoviesResponse.swift in Sources */,
				C82AD792213DB1B7000EF9A4 /* HTTPCode.swift in Sources */,
				C82AD7AA213E7030000EF9A4 /* IMMovieImageManager.swift in Sources */,
				C82AD78E213DB130000EF9A4 /* ResultError.swift in Sources */,
				C82AD786213DA55A000EF9A4 /* UIView.swift in Sources */,
				C82AD79F213DB447000EF9A4 /* IMGetMoviesRequest.swift in Sources */,
				C82AD7AF213E89EE000EF9A4 /* IMSearchProtocols.swift in Sources */,
				C82AD794213DB1CF000EF9A4 /* NetworkHeaders.swift in Sources */,
				C82AD796213DB20B000EF9A4 /* RequestManager.swift in Sources */,
				C82AD78B213DADF9000EF9A4 /* EndPoint.swift in Sources */,
				C8C54B83213D9F2500E8C5A0 /* AppDelegate.swift in Sources */,
				C82AD798213DB217000EF9A4 /* RequestProtocol.swift in Sources */,
				C82AD79A213DB226000EF9A4 /* Result.swift in Sources */,
			);
			runOnlyForDeploymentPostprocessing = 0;
		};
		C8C54B8F213D9F2600E8C5A0 /* Sources */ = {
			isa = PBXSourcesBuildPhase;
			buildActionMask = 2147483647;
			files = (
				C82AD7A7213E6F31000EF9A4 /* IMMovieImagesTest.swift in Sources */,
				C82AD7AC213E7CAF000EF9A4 /* IMDownloadImagesTest.swift in Sources */,
				C82AD7A2213DB6E8000EF9A4 /* IMNetworkTests.swift in Sources */,
			);
			runOnlyForDeploymentPostprocessing = 0;
		};
/* End PBXSourcesBuildPhase section */

/* Begin PBXTargetDependency section */
		C8C54B95213D9F2600E8C5A0 /* PBXTargetDependency */ = {
			isa = PBXTargetDependency;
			target = C8C54B7E213D9F2500E8C5A0 /* iMovies */;
			targetProxy = C8C54B94213D9F2600E8C5A0 /* PBXContainerItemProxy */;
		};
/* End PBXTargetDependency section */

/* Begin PBXVariantGroup section */
		C8C54B8B213D9F2600E8C5A0 /* LaunchScreen.storyboard */ = {
			isa = PBXVariantGroup;
			children = (
				C8C54B8C213D9F2600E8C5A0 /* Base */,
			);
			name = LaunchScreen.storyboard;
			sourceTree = "<group>";
		};
/* End PBXVariantGroup section */

/* Begin XCBuildConfiguration section */
		C8C54B9A213D9F2600E8C5A0 /* Debug */ = {
			isa = XCBuildConfiguration;
			buildSettings = {
				ALWAYS_SEARCH_USER_PATHS = NO;
				CLANG_ANALYZER_NONNULL = YES;
				CLANG_ANALYZER_NUMBER_OBJECT_CONVERSION = YES_AGGRESSIVE;
				CLANG_CXX_LANGUAGE_STANDARD = "gnu++14";
				CLANG_CXX_LIBRARY = "libc++";
				CLANG_ENABLE_MODULES = YES;
				CLANG_ENABLE_OBJC_ARC = YES;
				CLANG_ENABLE_OBJC_WEAK = YES;
				CLANG_WARN_BLOCK_CAPTURE_AUTORELEASING = YES;
				CLANG_WARN_BOOL_CONVERSION = YES;
				CLANG_WARN_COMMA = YES;
				CLANG_WARN_CONSTANT_CONVERSION = YES;
				CLANG_WARN_DEPRECATED_OBJC_IMPLEMENTATIONS = YES;
				CLANG_WARN_DIRECT_OBJC_ISA_USAGE = YES_ERROR;
				CLANG_WARN_DOCUMENTATION_COMMENTS = YES;
				CLANG_WARN_EMPTY_BODY = YES;
				CLANG_WARN_ENUM_CONVERSION = YES;
				CLANG_WARN_INFINITE_RECURSION = YES;
				CLANG_WARN_INT_CONVERSION = YES;
				CLANG_WARN_NON_LITERAL_NULL_CONVERSION = YES;
				CLANG_WARN_OBJC_IMPLICIT_RETAIN_SELF = YES;
				CLANG_WARN_OBJC_LITERAL_CONVERSION = YES;
				CLANG_WARN_OBJC_ROOT_CLASS = YES_ERROR;
				CLANG_WARN_RANGE_LOOP_ANALYSIS = YES;
				CLANG_WARN_STRICT_PROTOTYPES = YES;
				CLANG_WARN_SUSPICIOUS_MOVE = YES;
				CLANG_WARN_UNGUARDED_AVAILABILITY = YES_AGGRESSIVE;
				CLANG_WARN_UNREACHABLE_CODE = YES;
				CLANG_WARN__DUPLICATE_METHOD_MATCH = YES;
				CODE_SIGN_IDENTITY = "iPhone Developer";
				COPY_PHASE_STRIP = NO;
				DEBUG_INFORMATION_FORMAT = dwarf;
				ENABLE_STRICT_OBJC_MSGSEND = YES;
				ENABLE_TESTABILITY = YES;
				GCC_C_LANGUAGE_STANDARD = gnu11;
				GCC_DYNAMIC_NO_PIC = NO;
				GCC_NO_COMMON_BLOCKS = YES;
				GCC_OPTIMIZATION_LEVEL = 0;
				GCC_PREPROCESSOR_DEFINITIONS = (
					"DEBUG=1",
					"$(inherited)",
				);
				GCC_WARN_64_TO_32_BIT_CONVERSION = YES;
				GCC_WARN_ABOUT_RETURN_TYPE = YES_ERROR;
				GCC_WARN_UNDECLARED_SELECTOR = YES;
				GCC_WARN_UNINITIALIZED_AUTOS = YES_AGGRESSIVE;
				GCC_WARN_UNUSED_FUNCTION = YES;
				GCC_WARN_UNUSED_VARIABLE = YES;
				IPHONEOS_DEPLOYMENT_TARGET = 11.4;
				MTL_ENABLE_DEBUG_INFO = YES;
				ONLY_ACTIVE_ARCH = YES;
				SDKROOT = iphoneos;
				SWIFT_ACTIVE_COMPILATION_CONDITIONS = DEBUG;
				SWIFT_OPTIMIZATION_LEVEL = "-Onone";
			};
			name = Debug;
		};
		C8C54B9B213D9F2600E8C5A0 /* Release */ = {
			isa = XCBuildConfiguration;
			buildSettings = {
				ALWAYS_SEARCH_USER_PATHS = NO;
				CLANG_ANALYZER_NONNULL = YES;
				CLANG_ANALYZER_NUMBER_OBJECT_CONVERSION = YES_AGGRESSIVE;
				CLANG_CXX_LANGUAGE_STANDARD = "gnu++14";
				CLANG_CXX_LIBRARY = "libc++";
				CLANG_ENABLE_MODULES = YES;
				CLANG_ENABLE_OBJC_ARC = YES;
				CLANG_ENABLE_OBJC_WEAK = YES;
				CLANG_WARN_BLOCK_CAPTURE_AUTORELEASING = YES;
				CLANG_WARN_BOOL_CONVERSION = YES;
				CLANG_WARN_COMMA = YES;
				CLANG_WARN_CONSTANT_CONVERSION = YES;
				CLANG_WARN_DEPRECATED_OBJC_IMPLEMENTATIONS = YES;
				CLANG_WARN_DIRECT_OBJC_ISA_USAGE = YES_ERROR;
				CLANG_WARN_DOCUMENTATION_COMMENTS = YES;
				CLANG_WARN_EMPTY_BODY = YES;
				CLANG_WARN_ENUM_CONVERSION = YES;
				CLANG_WARN_INFINITE_RECURSION = YES;
				CLANG_WARN_INT_CONVERSION = YES;
				CLANG_WARN_NON_LITERAL_NULL_CONVERSION = YES;
				CLANG_WARN_OBJC_IMPLICIT_RETAIN_SELF = YES;
				CLANG_WARN_OBJC_LITERAL_CONVERSION = YES;
				CLANG_WARN_OBJC_ROOT_CLASS = YES_ERROR;
				CLANG_WARN_RANGE_LOOP_ANALYSIS = YES;
				CLANG_WARN_STRICT_PROTOTYPES = YES;
				CLANG_WARN_SUSPICIOUS_MOVE = YES;
				CLANG_WARN_UNGUARDED_AVAILABILITY = YES_AGGRESSIVE;
				CLANG_WARN_UNREACHABLE_CODE = YES;
				CLANG_WARN__DUPLICATE_METHOD_MATCH = YES;
				CODE_SIGN_IDENTITY = "iPhone Developer";
				COPY_PHASE_STRIP = NO;
				DEBUG_INFORMATION_FORMAT = "dwarf-with-dsym";
				ENABLE_NS_ASSERTIONS = NO;
				ENABLE_STRICT_OBJC_MSGSEND = YES;
				GCC_C_LANGUAGE_STANDARD = gnu11;
				GCC_NO_COMMON_BLOCKS = YES;
				GCC_WARN_64_TO_32_BIT_CONVERSION = YES;
				GCC_WARN_ABOUT_RETURN_TYPE = YES_ERROR;
				GCC_WARN_UNDECLARED_SELECTOR = YES;
				GCC_WARN_UNINITIALIZED_AUTOS = YES_AGGRESSIVE;
				GCC_WARN_UNUSED_FUNCTION = YES;
				GCC_WARN_UNUSED_VARIABLE = YES;
				IPHONEOS_DEPLOYMENT_TARGET = 11.4;
				MTL_ENABLE_DEBUG_INFO = NO;
				SDKROOT = iphoneos;
				SWIFT_COMPILATION_MODE = wholemodule;
				SWIFT_OPTIMIZATION_LEVEL = "-O";
				VALIDATE_PRODUCT = YES;
			};
			name = Release;
		};
		C8C54B9D213D9F2600E8C5A0 /* Debug */ = {
			isa = XCBuildConfiguration;
			baseConfigurationReference = D0331BA2DFB2B9E43C2257A2 /* Pods-iMovies.debug.xcconfig */;
			buildSettings = {
				ASSETCATALOG_COMPILER_APPICON_NAME = AppIcon;
				CODE_SIGN_STYLE = Automatic;
				DEVELOPMENT_TEAM = 5753N2Y6RP;
				INFOPLIST_FILE = iMovies/Info.plist;
				IPHONEOS_DEPLOYMENT_TARGET = 9.0;
				LD_RUNPATH_SEARCH_PATHS = (
					"$(inherited)",
					"@executable_path/Frameworks",
				);
				PRODUCT_BUNDLE_IDENTIFIER = com.careem.iMovies;
				PRODUCT_NAME = "$(TARGET_NAME)";
				SWIFT_OBJC_BRIDGING_HEADER = "iMovies/iMovies-Bridging-Header.h";
				SWIFT_VERSION = 4.0;
				TARGETED_DEVICE_FAMILY = "1,2";
			};
			name = Debug;
		};
		C8C54B9E213D9F2600E8C5A0 /* Release */ = {
			isa = XCBuildConfiguration;
			baseConfigurationReference = 0153EB52AF137A0289902E5C /* Pods-iMovies.release.xcconfig */;
			buildSettings = {
				ASSETCATALOG_COMPILER_APPICON_NAME = AppIcon;
				CODE_SIGN_STYLE = Automatic;
				DEVELOPMENT_TEAM = 5753N2Y6RP;
				INFOPLIST_FILE = iMovies/Info.plist;
				IPHONEOS_DEPLOYMENT_TARGET = 9.0;
				LD_RUNPATH_SEARCH_PATHS = (
					"$(inherited)",
					"@executable_path/Frameworks",
				);
				PRODUCT_BUNDLE_IDENTIFIER = com.careem.iMovies;
				PRODUCT_NAME = "$(TARGET_NAME)";
				SWIFT_OBJC_BRIDGING_HEADER = "iMovies/iMovies-Bridging-Header.h";
				SWIFT_VERSION = 4.0;
				TARGETED_DEVICE_FAMILY = "1,2";
			};
			name = Release;
		};
		C8C54BA0213D9F2600E8C5A0 /* Debug */ = {
			isa = XCBuildConfiguration;
			baseConfigurationReference = 86835C74085F076D13B3E165 /* Pods-iMoviesTests.debug.xcconfig */;
			buildSettings = {
				ALWAYS_EMBED_SWIFT_STANDARD_LIBRARIES = YES;
				BUNDLE_LOADER = "$(TEST_HOST)";
				CODE_SIGN_STYLE = Automatic;
				DEVELOPMENT_TEAM = 5753N2Y6RP;
				INFOPLIST_FILE = iMoviesTests/Info.plist;
				LD_RUNPATH_SEARCH_PATHS = (
					"$(inherited)",
					"@executable_path/Frameworks",
					"@loader_path/Frameworks",
				);
				PRODUCT_BUNDLE_IDENTIFIER = com.careem.iMoviesTests;
				PRODUCT_NAME = "$(TARGET_NAME)";
				SWIFT_VERSION = 4.0;
				TARGETED_DEVICE_FAMILY = "1,2";
				TEST_HOST = "$(BUILT_PRODUCTS_DIR)/iMovies.app/iMovies";
			};
			name = Debug;
		};
		C8C54BA1213D9F2600E8C5A0 /* Release */ = {
			isa = XCBuildConfiguration;
			baseConfigurationReference = 7631A82C09F8DA847EBA1F94 /* Pods-iMoviesTests.release.xcconfig */;
			buildSettings = {
				ALWAYS_EMBED_SWIFT_STANDARD_LIBRARIES = YES;
				BUNDLE_LOADER = "$(TEST_HOST)";
				CODE_SIGN_STYLE = Automatic;
				DEVELOPMENT_TEAM = 5753N2Y6RP;
				INFOPLIST_FILE = iMoviesTests/Info.plist;
				LD_RUNPATH_SEARCH_PATHS = (
					"$(inherited)",
					"@executable_path/Frameworks",
					"@loader_path/Frameworks",
				);
				PRODUCT_BUNDLE_IDENTIFIER = com.careem.iMoviesTests;
				PRODUCT_NAME = "$(TARGET_NAME)";
				SWIFT_VERSION = 4.0;
				TARGETED_DEVICE_FAMILY = "1,2";
				TEST_HOST = "$(BUILT_PRODUCTS_DIR)/iMovies.app/iMovies";
			};
			name = Release;
		};
/* End XCBuildConfiguration section */

/* Begin XCConfigurationList section */
		C8C54B7A213D9F2400E8C5A0 /* Build configuration list for PBXProject "iMovies" */ = {
			isa = XCConfigurationList;
			buildConfigurations = (
				C8C54B9A213D9F2600E8C5A0 /* Debug */,
				C8C54B9B213D9F2600E8C5A0 /* Release */,
			);
			defaultConfigurationIsVisible = 0;
			defaultConfigurationName = Release;
		};
		C8C54B9C213D9F2600E8C5A0 /* Build configuration list for PBXNativeTarget "iMovies" */ = {
			isa = XCConfigurationList;
			buildConfigurations = (
				C8C54B9D213D9F2600E8C5A0 /* Debug */,
				C8C54B9E213D9F2600E8C5A0 /* Release */,
			);
			defaultConfigurationIsVisible = 0;
			defaultConfigurationName = Release;
		};
		C8C54B9F213D9F2600E8C5A0 /* Build configuration list for PBXNativeTarget "iMoviesTests" */ = {
			isa = XCConfigurationList;
			buildConfigurations = (
				C8C54BA0213D9F2600E8C5A0 /* Debug */,
				C8C54BA1213D9F2600E8C5A0 /* Release */,
			);
			defaultConfigurationIsVisible = 0;
			defaultConfigurationName = Release;
		};
/* End XCConfigurationList section */
	};
	rootObject = C8C54B77213D9F2400E8C5A0 /* Project object */;
}
