// !$*UTF8*$!
{
	archiveVersion = 1;
	classes = {
	};
	objectVersion = 50;
	objects = {

/* Begin PBXBuildFile section */
		BF9459150294B85421BBB015 /* Pods_iMoviesTests.framework in Frameworks */ = {isa = PBXBuildFile; fileRef = 5565C2F13912B931586FFAC7 /* Pods_iMoviesTests.framework */; };
		C80BD9E9213F22BE001B66EB /* IMSuggestionsTest.swift in Sources */ = {isa = PBXBuildFile; fileRef = C80BD9E8213F22BE001B66EB /* IMSuggestionsTest.swift */; };
		C80BD9EC213F2C2C001B66EB /* Results.swift in Sources */ = {isa = PBXBuildFile; fileRef = C80BD9EB213F2C2C001B66EB /* Results.swift */; };
		C80BD9EE213F2C83001B66EB /* IMSuggestionsView.swift in Sources */ = {isa = PBXBuildFile; fileRef = C80BD9ED213F2C83001B66EB /* IMSuggestionsView.swift */; };
		C80BD9F3213F36EA001B66EB /* IMSuggestionViewModel.swift in Sources */ = {isa = PBXBuildFile; fileRef = C80BD9F2213F36EA001B66EB /* IMSuggestionViewModel.swift */; };
		C80BD9F5213F379B001B66EB /* IMSuggestionTableViewCell.swift in Sources */ = {isa = PBXBuildFile; fileRef = C80BD9F4213F379B001B66EB /* IMSuggestionTableViewCell.swift */; };
		C80BD9F7213F38BD001B66EB /* IMSuggestionsDatasource.swift in Sources */ = {isa = PBXBuildFile; fileRef = C80BD9F6213F38BD001B66EB /* IMSuggestionsDatasource.swift */; };
		C80BD9FA213F452E001B66EB /* Date.swift in Sources */ = {isa = PBXBuildFile; fileRef = C80BD9F9213F452E001B66EB /* Date.swift */; };
		C82AD782213DA12A000EF9A4 /* IMSearchViewController.swift in Sources */ = {isa = PBXBuildFile; fileRef = C82AD781213DA12A000EF9A4 /* IMSearchViewController.swift */; };
		C82AD786213DA55A000EF9A4 /* UIView.swift in Sources */ = {isa = PBXBuildFile; fileRef = C82AD785213DA55A000EF9A4 /* UIView.swift */; };
		C82AD78B213DADF9000EF9A4 /* EndPoint.swift in Sources */ = {isa = PBXBuildFile; fileRef = C82AD78A213DADF9000EF9A4 /* EndPoint.swift */; };
		C82AD78E213DB130000EF9A4 /* ResultError.swift in Sources */ = {isa = PBXBuildFile; fileRef = C82AD78D213DB130000EF9A4 /* ResultError.swift */; };
		C82AD790213DB194000EF9A4 /* IMRequestErrors.swift in Sources */ = {isa = PBXBuildFile; fileRef = C82AD78F213DB194000EF9A4 /* IMRequestErrors.swift */; };
		C82AD792213DB1B7000EF9A4 /* HTTPCode.swift in Sources */ = {isa = PBXBuildFile; fileRef = C82AD791213DB1B7000EF9A4 /* HTTPCode.swift */; };
		C82AD794213DB1CF000EF9A4 /* NetworkHeaders.swift in Sources */ = {isa = PBXBuildFile; fileRef = C82AD793213DB1CF000EF9A4 /* NetworkHeaders.swift */; };
		C82AD796213DB20B000EF9A4 /* RequestManager.swift in Sources */ = {isa = PBXBuildFile; fileRef = C82AD795213DB20B000EF9A4 /* RequestManager.swift */; };
		C82AD798213DB217000EF9A4 /* RequestProtocol.swift in Sources */ = {isa = PBXBuildFile; fileRef = C82AD797213DB217000EF9A4 /* RequestProtocol.swift */; };
		C82AD79A213DB226000EF9A4 /* Result.swift in Sources */ = {isa = PBXBuildFile; fileRef = C82AD799213DB226000EF9A4 /* Result.swift */; };
		C82AD79F213DB447000EF9A4 /* IMGetMoviesRequest.swift in Sources */ = {isa = PBXBuildFile; fileRef = C82AD79E213DB447000EF9A4 /* IMGetMoviesRequest.swift */; };
		C82AD7A2213DB6E8000EF9A4 /* IMNetworkTests.swift in Sources */ = {isa = PBXBuildFile; fileRef = C82AD7A1213DB6E8000EF9A4 /* IMNetworkTests.swift */; };
		C82AD7A4213DC398000EF9A4 /* IMMoviesResponse.swift in Sources */ = {isa = PBXBuildFile; fileRef = C82AD7A3213DC398000EF9A4 /* IMMoviesResponse.swift */; };
		C82AD7A7213E6F31000EF9A4 /* IMMovieImagesTest.swift in Sources */ = {isa = PBXBuildFile; fileRef = C82AD7A6213E6F31000EF9A4 /* IMMovieImagesTest.swift */; };
		C82AD7AA213E7030000EF9A4 /* IMMovieImageManager.swift in Sources */ = {isa = PBXBuildFile; fileRef = C82AD7A9213E7030000EF9A4 /* IMMovieImageManager.swift */; };
		C82AD7AC213E7CAF000EF9A4 /* IMDownloadImagesTest.swift in Sources */ = {isa = PBXBuildFile; fileRef = C82AD7AB213E7CAF000EF9A4 /* IMDownloadImagesTest.swift */; };
		C82AD7AF213E89EE000EF9A4 /* IMSearchProtocols.swift in Sources */ = {isa = PBXBuildFile; fileRef = C82AD7AE213E89EE000EF9A4 /* IMSearchProtocols.swift */; };
		C82AD7B2213E8C11000EF9A4 /* IMMovieViewModel.swift in Sources */ = {isa = PBXBuildFile; fileRef = C82AD7B1213E8C11000EF9A4 /* IMMovieViewModel.swift */; };
		C82AD7B4213E8ECA000EF9A4 /* IMSearchInteractor.swift in Sources */ = {isa = PBXBuildFile; fileRef = C82AD7B3213E8ECA000EF9A4 /* IMSearchInteractor.swift */; };
		C82AD7B6213E8F90000EF9A4 /* IMSearchPresenter.swift in Sources */ = {isa = PBXBuildFile; fileRef = C82AD7B5213E8F90000EF9A4 /* IMSearchPresenter.swift */; };
		C82AD7B8213E9444000EF9A4 /* IMSearchDataSource.swift in Sources */ = {isa = PBXBuildFile; fileRef = C82AD7B7213E9444000EF9A4 /* IMSearchDataSource.swift */; };
		C82AD7BB213E9501000EF9A4 /* IMMovieTableViewCell.swift in Sources */ = {isa = PBXBuildFile; fileRef = C82AD7BA213E9501000EF9A4 /* IMMovieTableViewCell.swift */; };
		C82AD7C6213EA085000EF9A4 /* InterUI-Bold.ttf in Resources */ = {isa = PBXBuildFile; fileRef = C82AD7BE213EA084000EF9A4 /* InterUI-Bold.ttf */; };
		C82AD7C7213EA085000EF9A4 /* InterUI-Black.ttf in Resources */ = {isa = PBXBuildFile; fileRef = C82AD7BF213EA084000EF9A4 /* InterUI-Black.ttf */; };
		C82AD7C8213EA085000EF9A4 /* InterUI-MediumItalic.ttf in Resources */ = {isa = PBXBuildFile; fileRef = C82AD7C0213EA084000EF9A4 /* InterUI-MediumItalic.ttf */; };
		C82AD7C9213EA085000EF9A4 /* InterUI-BlackItalic.ttf in Resources */ = {isa = PBXBuildFile; fileRef = C82AD7C1213EA084000EF9A4 /* InterUI-BlackItalic.ttf */; };
		C82AD7CA213EA085000EF9A4 /* InterUI-BoldItalic.ttf in Resources */ = {isa = PBXBuildFile; fileRef = C82AD7C2213EA084000EF9A4 /* InterUI-BoldItalic.ttf */; };
		C82AD7CB213EA085000EF9A4 /* InterUI-Medium.ttf in Resources */ = {isa = PBXBuildFile; fileRef = C82AD7C3213EA084000EF9A4 /* InterUI-Medium.ttf */; };
		C82AD7CC213EA085000EF9A4 /* InterUI-Regular.ttf in Resources */ = {isa = PBXBuildFile; fileRef = C82AD7C4213EA084000EF9A4 /* InterUI-Regular.ttf */; };
		C82AD7CD213EA085000EF9A4 /* InterUI-Italic.ttf in Resources */ = {isa = PBXBuildFile; fileRef = C82AD7C5213EA084000EF9A4 /* InterUI-Italic.ttf */; };
		C82AD7D0213EA0C6000EF9A4 /* UIFont.swift in Sources */ = {isa = PBXBuildFile; fileRef = C82AD7CF213EA0C6000EF9A4 /* UIFont.swift */; };
		C82AD7D3213EAF50000EF9A4 /* UILabel.swift in Sources */ = {isa = PBXBuildFile; fileRef = C82AD7D2213EAF50000EF9A4 /* UILabel.swift */; };
		C82AD7D6213ED7C9000EF9A4 /* IMSearchView.swift in Sources */ = {isa = PBXBuildFile; fileRef = C82AD7D5213ED7C9000EF9A4 /* IMSearchView.swift */; };
		C82AD7D9213F1C60000EF9A4 /* IMSearchSuggestionsManager.swift in Sources */ = {isa = PBXBuildFile; fileRef = C82AD7D8213F1C60000EF9A4 /* IMSearchSuggestionsManager.swift */; };
		C82AD7DC213F1CA0000EF9A4 /* IMSearchSuggestion.swift in Sources */ = {isa = PBXBuildFile; fileRef = C82AD7DB213F1CA0000EF9A4 /* IMSearchSuggestion.swift */; };
		C8C54B83213D9F2500E8C5A0 /* AppDelegate.swift in Sources */ = {isa = PBXBuildFile; fileRef = C8C54B82213D9F2500E8C5A0 /* AppDelegate.swift */; };
		C8C54B8A213D9F2600E8C5A0 /* Assets.xcassets in Resources */ = {isa = PBXBuildFile; fileRef = C8C54B89213D9F2600E8C5A0 /* Assets.xcassets */; };
		C8C54B8D213D9F2600E8C5A0 /* LaunchScreen.storyboard in Resources */ = {isa = PBXBuildFile; fileRef = C8C54B8B213D9F2600E8C5A0 /* LaunchScreen.storyboard */; };
		C8C6B2F921413F8F00F7653B /* String.swift in Sources */ = {isa = PBXBuildFile; fileRef = C8C6B2F821413F8F00F7653B /* String.swift */; };
		C8C6B2FC214142B600F7653B /* IMStringTest.swift in Sources */ = {isa = PBXBuildFile; fileRef = C8C6B2FB214142B600F7653B /* IMStringTest.swift */; };
		C8C6B2FE214178F700F7653B /* IMTotalResultsView.swift in Sources */ = {isa = PBXBuildFile; fileRef = C8C6B2FD214178F700F7653B /* IMTotalResultsView.swift */; };
		C8C6B3022141B30200F7653B /* IMUtils.swift in Sources */ = {isa = PBXBuildFile; fileRef = C8C6B3012141B30200F7653B /* IMUtils.swift */; };
		C8C6B3092141C6F100F7653B /* IMGeneralMessageViewController.swift in Sources */ = {isa = PBXBuildFile; fileRef = C8C6B3082141C6F100F7653B /* IMGeneralMessageViewController.swift */; };
		C8DD21B52142A04200FE4E80 /* IMGeneralMessagePresenter.swift in Sources */ = {isa = PBXBuildFile; fileRef = C8DD21B42142A04200FE4E80 /* IMGeneralMessagePresenter.swift */; };
		C8DD21B72142A07600FE4E80 /* IMGeneralMessageProtocols.swift in Sources */ = {isa = PBXBuildFile; fileRef = C8DD21B62142A07600FE4E80 /* IMGeneralMessageProtocols.swift */; };
		C8DD21B92142B13900FE4E80 /* IMNetworkManager.swift in Sources */ = {isa = PBXBuildFile; fileRef = C8DD21B82142B13900FE4E80 /* IMNetworkManager.swift */; };
		C8DF0BB7DB4CC03C507E8671 /* Pods_iMovies.framework in Frameworks */ = {isa = PBXBuildFile; fileRef = 73EB7296C6701111E1B70B78 /* Pods_iMovies.framework */; };
		C8FEDA8F214046ED00A54B23 /* IMBaseViewController.swift in Sources */ = {isa = PBXBuildFile; fileRef = C8FEDA8E214046ED00A54B23 /* IMBaseViewController.swift */; };
/* End PBXBuildFile section */

/* Begin PBXContainerItemProxy section */
		C8C54B94213D9F2600E8C5A0 /* PBXContainerItemProxy */ = {
			isa = PBXContainerItemProxy;
			containerPortal = C8C54B77213D9F2400E8C5A0 /* Project object */;
			proxyType = 1;
			remoteGlobalIDString = C8C54B7E213D9F2500E8C5A0;
			remoteInfo = iMovies;
		};
/* End PBXContainerItemProxy section */

/* Begin PBXFileReference section */
		0153EB52AF137A0289902E5C /* Pods-iMovies.release.xcconfig */ = {isa = PBXFileReference; includeInIndex = 1; lastKnownFileType = text.xcconfig; name = "Pods-iMovies.release.xcconfig"; path = "Pods/Target Support Files/Pods-iMovies/Pods-iMovies.release.xcconfig"; sourceTree = "<group>"; };
		5565C2F13912B931586FFAC7 /* Pods_iMoviesTests.framework */ = {isa = PBXFileReference; explicitFileType = wrapper.framework; includeInIndex = 0; path = Pods_iMoviesTests.framework; sourceTree = BUILT_PRODUCTS_DIR; };
		73EB7296C6701111E1B70B78 /* Pods_iMovies.framework */ = {isa = PBXFileReference; explicitFileType = wrapper.framework; includeInIndex = 0; path = Pods_iMovies.framework; sourceTree = BUILT_PRODUCTS_DIR; };
		7631A82C09F8DA847EBA1F94 /* Pods-iMoviesTests.release.xcconfig */ = {isa = PBXFileReference; includeInIndex = 1; lastKnownFileType = text.xcconfig; name = "Pods-iMoviesTests.release.xcconfig"; path = "Pods/Target Support Files/Pods-iMoviesTests/Pods-iMoviesTests.release.xcconfig"; sourceTree = "<group>"; };
		86835C74085F076D13B3E165 /* Pods-iMoviesTests.debug.xcconfig */ = {isa = PBXFileReference; includeInIndex = 1; lastKnownFileType = text.xcconfig; name = "Pods-iMoviesTests.debug.xcconfig"; path = "Pods/Target Support Files/Pods-iMoviesTests/Pods-iMoviesTests.debug.xcconfig"; sourceTree = "<group>"; };
		C80BD9E8213F22BE001B66EB /* IMSuggestionsTest.swift */ = {isa = PBXFileReference; lastKnownFileType = sourcecode.swift; path = IMSuggestionsTest.swift; sourceTree = "<group>"; };
		C80BD9EB213F2C2C001B66EB /* Results.swift */ = {isa = PBXFileReference; lastKnownFileType = sourcecode.swift; path = Results.swift; sourceTree = "<group>"; };
		C80BD9ED213F2C83001B66EB /* IMSuggestionsView.swift */ = {isa = PBXFileReference; lastKnownFileType = sourcecode.swift; path = IMSuggestionsView.swift; sourceTree = "<group>"; };
		C80BD9F2213F36EA001B66EB /* IMSuggestionViewModel.swift */ = {isa = PBXFileReference; lastKnownFileType = sourcecode.swift; path = IMSuggestionViewModel.swift; sourceTree = "<group>"; };
		C80BD9F4213F379B001B66EB /* IMSuggestionTableViewCell.swift */ = {isa = PBXFileReference; lastKnownFileType = sourcecode.swift; path = IMSuggestionTableViewCell.swift; sourceTree = "<group>"; };
		C80BD9F6213F38BD001B66EB /* IMSuggestionsDatasource.swift */ = {isa = PBXFileReference; lastKnownFileType = sourcecode.swift; path = IMSuggestionsDatasource.swift; sourceTree = "<group>"; };
		C80BD9F9213F452E001B66EB /* Date.swift */ = {isa = PBXFileReference; lastKnownFileType = sourcecode.swift; path = Date.swift; sourceTree = "<group>"; };
		C82AD781213DA12A000EF9A4 /* IMSearchViewController.swift */ = {isa = PBXFileReference; lastKnownFileType = sourcecode.swift; path = IMSearchViewController.swift; sourceTree = "<group>"; };
		C82AD785213DA55A000EF9A4 /* UIView.swift */ = {isa = PBXFileReference; lastKnownFileType = sourcecode.swift; path = UIView.swift; sourceTree = "<group>"; };
		C82AD78A213DADF9000EF9A4 /* EndPoint.swift */ = {isa = PBXFileReference; lastKnownFileType = sourcecode.swift; path = EndPoint.swift; sourceTree = "<group>"; };
		C82AD78D213DB130000EF9A4 /* ResultError.swift */ = {isa = PBXFileReference; lastKnownFileType = sourcecode.swift; path = ResultError.swift; sourceTree = "<group>"; };
		C82AD78F213DB194000EF9A4 /* IMRequestErrors.swift */ = {isa = PBXFileReference; lastKnownFileType = sourcecode.swift; path = IMRequestErrors.swift; sourceTree = "<group>"; };
		C82AD791213DB1B7000EF9A4 /* HTTPCode.swift */ = {isa = PBXFileReference; lastKnownFileType = sourcecode.swift; path = HTTPCode.swift; sourceTree = "<group>"; };
		C82AD793213DB1CF000EF9A4 /* NetworkHeaders.swift */ = {isa = PBXFileReference; lastKnownFileType = sourcecode.swift; path = NetworkHeaders.swift; sourceTree = "<group>"; };
		C82AD795213DB20B000EF9A4 /* RequestManager.swift */ = {isa = PBXFileReference; lastKnownFileType = sourcecode.swift; path = RequestManager.swift; sourceTree = "<group>"; };
		C82AD797213DB217000EF9A4 /* RequestProtocol.swift */ = {isa = PBXFileReference; lastKnownFileType = sourcecode.swift; path = RequestProtocol.swift; sourceTree = "<group>"; };
		C82AD799213DB226000EF9A4 /* Result.swift */ = {isa = PBXFileReference; lastKnownFileType = sourcecode.swift; path = Result.swift; sourceTree = "<group>"; };
		C82AD79E213DB447000EF9A4 /* IMGetMoviesRequest.swift */ = {isa = PBXFileReference; lastKnownFileType = sourcecode.swift; path = IMGetMoviesRequest.swift; sourceTree = "<group>"; };
		C82AD7A1213DB6E8000EF9A4 /* IMNetworkTests.swift */ = {isa = PBXFileReference; lastKnownFileType = sourcecode.swift; path = IMNetworkTests.swift; sourceTree = "<group>"; };
		C82AD7A3213DC398000EF9A4 /* IMMoviesResponse.swift */ = {isa = PBXFileReference; lastKnownFileType = sourcecode.swift; path = IMMoviesResponse.swift; sourceTree = "<group>"; };
		C82AD7A6213E6F31000EF9A4 /* IMMovieImagesTest.swift */ = {isa = PBXFileReference; lastKnownFileType = sourcecode.swift; path = IMMovieImagesTest.swift; sourceTree = "<group>"; };
		C82AD7A9213E7030000EF9A4 /* IMMovieImageManager.swift */ = {isa = PBXFileReference; lastKnownFileType = sourcecode.swift; path = IMMovieImageManager.swift; sourceTree = "<group>"; };
		C82AD7AB213E7CAF000EF9A4 /* IMDownloadImagesTest.swift */ = {isa = PBXFileReference; lastKnownFileType = sourcecode.swift; path = IMDownloadImagesTest.swift; sourceTree = "<group>"; };
		C82AD7AD213E7D33000EF9A4 /* iMovies-Bridging-Header.h */ = {isa = PBXFileReference; lastKnownFileType = sourcecode.c.h; path = "iMovies-Bridging-Header.h"; sourceTree = "<group>"; };
		C82AD7AE213E89EE000EF9A4 /* IMSearchProtocols.swift */ = {isa = PBXFileReference; lastKnownFileType = sourcecode.swift; path = IMSearchProtocols.swift; sourceTree = "<group>"; };
		C82AD7B1213E8C11000EF9A4 /* IMMovieViewModel.swift */ = {isa = PBXFileReference; lastKnownFileType = sourcecode.swift; path = IMMovieViewModel.swift; sourceTree = "<group>"; };
		C82AD7B3213E8ECA000EF9A4 /* IMSearchInteractor.swift */ = {isa = PBXFileReference; lastKnownFileType = sourcecode.swift; path = IMSearchInteractor.swift; sourceTree = "<group>"; };
		C82AD7B5213E8F90000EF9A4 /* IMSearchPresenter.swift */ = {isa = PBXFileReference; lastKnownFileType = sourcecode.swift; path = IMSearchPresenter.swift; sourceTree = "<group>"; };
		C82AD7B7213E9444000EF9A4 /* IMSearchDataSource.swift */ = {isa = PBXFileReference; lastKnownFileType = sourcecode.swift; path = IMSearchDataSource.swift; sourceTree = "<group>"; };
		C82AD7BA213E9501000EF9A4 /* IMMovieTableViewCell.swift */ = {isa = PBXFileReference; lastKnownFileType = sourcecode.swift; path = IMMovieTableViewCell.swift; sourceTree = "<group>"; };
		C82AD7BE213EA084000EF9A4 /* InterUI-Bold.ttf */ = {isa = PBXFileReference; lastKnownFileType = file; path = "InterUI-Bold.ttf"; sourceTree = "<group>"; };
		C82AD7BF213EA084000EF9A4 /* InterUI-Black.ttf */ = {isa = PBXFileReference; lastKnownFileType = file; path = "InterUI-Black.ttf"; sourceTree = "<group>"; };
		C82AD7C0213EA084000EF9A4 /* InterUI-MediumItalic.ttf */ = {isa = PBXFileReference; lastKnownFileType = file; path = "InterUI-MediumItalic.ttf"; sourceTree = "<group>"; };
		C82AD7C1213EA084000EF9A4 /* InterUI-BlackItalic.ttf */ = {isa = PBXFileReference; lastKnownFileType = file; path = "InterUI-BlackItalic.ttf"; sourceTree = "<group>"; };
		C82AD7C2213EA084000EF9A4 /* InterUI-BoldItalic.ttf */ = {isa = PBXFileReference; lastKnownFileType = file; path = "InterUI-BoldItalic.ttf"; sourceTree = "<group>"; };
		C82AD7C3213EA084000EF9A4 /* InterUI-Medium.ttf */ = {isa = PBXFileReference; lastKnownFileType = file; path = "InterUI-Medium.ttf"; sourceTree = "<group>"; };
		C82AD7C4213EA084000EF9A4 /* InterUI-Regular.ttf */ = {isa = PBXFileReference; lastKnownFileType = file; path = "InterUI-Regular.ttf"; sourceTree = "<group>"; };
		C82AD7C5213EA084000EF9A4 /* InterUI-Italic.ttf */ = {isa = PBXFileReference; lastKnownFileType = file; path = "InterUI-Italic.ttf"; sourceTree = "<group>"; };
		C82AD7CF213EA0C6000EF9A4 /* UIFont.swift */ = {isa = PBXFileReference; lastKnownFileType = sourcecode.swift; path = UIFont.swift; sourceTree = "<group>"; };
		C82AD7D2213EAF50000EF9A4 /* UILabel.swift */ = {isa = PBXFileReference; lastKnownFileType = sourcecode.swift; path = UILabel.swift; sourceTree = "<group>"; };
		C82AD7D5213ED7C9000EF9A4 /* IMSearchView.swift */ = {isa = PBXFileReference; lastKnownFileType = sourcecode.swift; path = IMSearchView.swift; sourceTree = "<group>"; };
		C82AD7D8213F1C60000EF9A4 /* IMSearchSuggestionsManager.swift */ = {isa = PBXFileReference; lastKnownFileType = sourcecode.swift; path = IMSearchSuggestionsManager.swift; sourceTree = "<group>"; };
		C82AD7DB213F1CA0000EF9A4 /* IMSearchSuggestion.swift */ = {isa = PBXFileReference; lastKnownFileType = sourcecode.swift; path = IMSearchSuggestion.swift; sourceTree = "<group>"; };
		C8C54B7F213D9F2500E8C5A0 /* iMovies.app */ = {isa = PBXFileReference; explicitFileType = wrapper.application; includeInIndex = 0; path = iMovies.app; sourceTree = BUILT_PRODUCTS_DIR; };
		C8C54B82213D9F2500E8C5A0 /* AppDelegate.swift */ = {isa = PBXFileReference; lastKnownFileType = sourcecode.swift; path = AppDelegate.swift; sourceTree = "<group>"; };
		C8C54B89213D9F2600E8C5A0 /* Assets.xcassets */ = {isa = PBXFileReference; lastKnownFileType = folder.assetcatalog; path = Assets.xcassets; sourceTree = "<group>"; };
		C8C54B8C213D9F2600E8C5A0 /* Base */ = {isa = PBXFileReference; lastKnownFileType = file.storyboard; name = Base; path = Base.lproj/LaunchScreen.storyboard; sourceTree = "<group>"; };
		C8C54B8E213D9F2600E8C5A0 /* Info.plist */ = {isa = PBXFileReference; lastKnownFileType = text.plist.xml; path = Info.plist; sourceTree = "<group>"; };
		C8C54B93213D9F2600E8C5A0 /* iMoviesTests.xctest */ = {isa = PBXFileReference; explicitFileType = wrapper.cfbundle; includeInIndex = 0; path = iMoviesTests.xctest; sourceTree = BUILT_PRODUCTS_DIR; };
		C8C54B99213D9F2600E8C5A0 /* Info.plist */ = {isa = PBXFileReference; lastKnownFileType = text.plist.xml; path = Info.plist; sourceTree = "<group>"; };
		C8C6B2F821413F8F00F7653B /* String.swift */ = {isa = PBXFileReference; lastKnownFileType = sourcecode.swift; path = String.swift; sourceTree = "<group>"; };
		C8C6B2FB214142B600F7653B /* IMStringTest.swift */ = {isa = PBXFileReference; lastKnownFileType = sourcecode.swift; path = IMStringTest.swift; sourceTree = "<group>"; };
		C8C6B2FD214178F700F7653B /* IMTotalResultsView.swift */ = {isa = PBXFileReference; lastKnownFileType = sourcecode.swift; path = IMTotalResultsView.swift; sourceTree = "<group>"; };
		C8C6B3012141B30200F7653B /* IMUtils.swift */ = {isa = PBXFileReference; lastKnownFileType = sourcecode.swift; path = IMUtils.swift; sourceTree = "<group>"; };
		C8C6B3082141C6F100F7653B /* IMGeneralMessageViewController.swift */ = {isa = PBXFileReference; lastKnownFileType = sourcecode.swift; path = IMGeneralMessageViewController.swift; sourceTree = "<group>"; };
		C8DD21B42142A04200FE4E80 /* IMGeneralMessagePresenter.swift */ = {isa = PBXFileReference; lastKnownFileType = sourcecode.swift; path = IMGeneralMessagePresenter.swift; sourceTree = "<group>"; };
		C8DD21B62142A07600FE4E80 /* IMGeneralMessageProtocols.swift */ = {isa = PBXFileReference; lastKnownFileType = sourcecode.swift; path = IMGeneralMessageProtocols.swift; sourceTree = "<group>"; };
		C8DD21B82142B13900FE4E80 /* IMNetworkManager.swift */ = {isa = PBXFileReference; lastKnownFileType = sourcecode.swift; path = IMNetworkManager.swift; sourceTree = "<group>"; };
		C8FEDA8E214046ED00A54B23 /* IMBaseViewController.swift */ = {isa = PBXFileReference; lastKnownFileType = sourcecode.swift; path = IMBaseViewController.swift; sourceTree = "<group>"; };
		D0331BA2DFB2B9E43C2257A2 /* Pods-iMovies.debug.xcconfig */ = {isa = PBXFileReference; includeInIndex = 1; lastKnownFileType = text.xcconfig; name = "Pods-iMovies.debug.xcconfig"; path = "Pods/Target Support Files/Pods-iMovies/Pods-iMovies.debug.xcconfig"; sourceTree = "<group>"; };
/* End PBXFileReference section */

/* Begin PBXFrameworksBuildPhase section */
		C8C54B7C213D9F2500E8C5A0 /* Frameworks */ = {
			isa = PBXFrameworksBuildPhase;
			buildActionMask = 2147483647;
			files = (
				C8DF0BB7DB4CC03C507E8671 /* Pods_iMovies.framework in Frameworks */,
			);
			runOnlyForDeploymentPostprocessing = 0;
		};
		C8C54B90213D9F2600E8C5A0 /* Frameworks */ = {
			isa = PBXFrameworksBuildPhase;
			buildActionMask = 2147483647;
			files = (
				BF9459150294B85421BBB015 /* Pods_iMoviesTests.framework in Frameworks */,
			);
			runOnlyForDeploymentPostprocessing = 0;
		};
/* End PBXFrameworksBuildPhase section */

/* Begin PBXGroup section */
		5A5CDF280F4EE8516DAB2A42 /* Pods */ = {
			isa = PBXGroup;
			children = (
				D0331BA2DFB2B9E43C2257A2 /* Pods-iMovies.debug.xcconfig */,
				0153EB52AF137A0289902E5C /* Pods-iMovies.release.xcconfig */,
				86835C74085F076D13B3E165 /* Pods-iMoviesTests.debug.xcconfig */,
				7631A82C09F8DA847EBA1F94 /* Pods-iMoviesTests.release.xcconfig */,
			);
			name = Pods;
			sourceTree = "<group>";
		};
		C80BD9E7213F22A3001B66EB /* Suggestions */ = {
			isa = PBXGroup;
			children = (
				C80BD9E8213F22BE001B66EB /* IMSuggestionsTest.swift */,
			);
			path = Suggestions;
			sourceTree = "<group>";
		};
		C80BD9EA213F2C1B001B66EB /* Results */ = {
			isa = PBXGroup;
			children = (
				C80BD9EB213F2C2C001B66EB /* Results.swift */,
			);
			path = Results;
			sourceTree = "<group>";
		};
		C80BD9EF213F2C87001B66EB /* Suggestions */ = {
			isa = PBXGroup;
			children = (
				C80BD9F0213F36AE001B66EB /* Cell */,
				C80BD9F1213F36B8001B66EB /* View Model */,
				C80BD9ED213F2C83001B66EB /* IMSuggestionsView.swift */,
				C80BD9F6213F38BD001B66EB /* IMSuggestionsDatasource.swift */,
			);
			path = Suggestions;
			sourceTree = "<group>";
		};
		C80BD9F0213F36AE001B66EB /* Cell */ = {
			isa = PBXGroup;
			children = (
				C80BD9F4213F379B001B66EB /* IMSuggestionTableViewCell.swift */,
			);
			path = Cell;
			sourceTree = "<group>";
		};
		C80BD9F1213F36B8001B66EB /* View Model */ = {
			isa = PBXGroup;
			children = (
				C80BD9F2213F36EA001B66EB /* IMSuggestionViewModel.swift */,
			);
			path = "View Model";
			sourceTree = "<group>";
		};
		C80BD9F8213F4521001B66EB /* Date */ = {
			isa = PBXGroup;
			children = (
				C80BD9F9213F452E001B66EB /* Date.swift */,
			);
			path = Date;
			sourceTree = "<group>";
		};
		C82AD77F213DA0D4000EF9A4 /* Views */ = {
			isa = PBXGroup;
			children = (
				C8FEDA90214049A300A54B23 /* Common */,
				C82AD780213DA0EF000EF9A4 /* Search */,
				C8C6B3072141C6CD00F7653B /* General Message */,
			);
			path = Views;
			sourceTree = "<group>";
		};
		C82AD780213DA0EF000EF9A4 /* Search */ = {
			isa = PBXGroup;
			children = (
				C82AD7D4213ED7AA000EF9A4 /* Views */,
				C82AD7B9213E94E9000EF9A4 /* Cell */,
				C82AD7B0213E8BF2000EF9A4 /* View Model */,
				C82AD7AE213E89EE000EF9A4 /* IMSearchProtocols.swift */,
				C82AD781213DA12A000EF9A4 /* IMSearchViewController.swift */,
				C82AD7B7213E9444000EF9A4 /* IMSearchDataSource.swift */,
				C82AD7B5213E8F90000EF9A4 /* IMSearchPresenter.swift */,
				C82AD7B3213E8ECA000EF9A4 /* IMSearchInteractor.swift */,
			);
			path = Search;
			sourceTree = "<group>";
		};
		C82AD783213DA542000EF9A4 /* Extensions */ = {
			isa = PBXGroup;
			children = (
				C8C6B2F721413F8300F7653B /* String */,
				C80BD9F8213F4521001B66EB /* Date */,
				C80BD9EA213F2C1B001B66EB /* Results */,
				C82AD7D1213EAF42000EF9A4 /* UILabel */,
				C82AD7CE213EA0BB000EF9A4 /* UIFont */,
				C82AD784213DA54C000EF9A4 /* UIView */,
			);
			path = Extensions;
			sourceTree = "<group>";
		};
		C82AD784213DA54C000EF9A4 /* UIView */ = {
			isa = PBXGroup;
			children = (
				C82AD785213DA55A000EF9A4 /* UIView.swift */,
			);
			path = UIView;
			sourceTree = "<group>";
		};
		C82AD787213DADB3000EF9A4 /* Network */ = {
			isa = PBXGroup;
			children = (
				C82AD789213DADC3000EF9A4 /* Common */,
				C82AD788213DADBB000EF9A4 /* Request */,
			);
			path = Network;
			sourceTree = "<group>";
		};
		C82AD788213DADBB000EF9A4 /* Request */ = {
			isa = PBXGroup;
			children = (
				C82AD79B213DB3B6000EF9A4 /* Data Models */,
				C82AD79E213DB447000EF9A4 /* IMGetMoviesRequest.swift */,
			);
			path = Request;
			sourceTree = "<group>";
		};
		C82AD789213DADC3000EF9A4 /* Common */ = {
			isa = PBXGroup;
			children = (
				C82AD78C213DB11B000EF9A4 /* Errors */,
				C82AD78A213DADF9000EF9A4 /* EndPoint.swift */,
				C82AD791213DB1B7000EF9A4 /* HTTPCode.swift */,
				C82AD793213DB1CF000EF9A4 /* NetworkHeaders.swift */,
				C82AD795213DB20B000EF9A4 /* RequestManager.swift */,
				C82AD797213DB217000EF9A4 /* RequestProtocol.swift */,
				C82AD799213DB226000EF9A4 /* Result.swift */,
			);
			path = Common;
			sourceTree = "<group>";
		};
		C82AD78C213DB11B000EF9A4 /* Errors */ = {
			isa = PBXGroup;
			children = (
				C82AD78D213DB130000EF9A4 /* ResultError.swift */,
				C82AD78F213DB194000EF9A4 /* IMRequestErrors.swift */,
			);
			path = Errors;
			sourceTree = "<group>";
		};
		C82AD79B213DB3B6000EF9A4 /* Data Models */ = {
			isa = PBXGroup;
			children = (
				C82AD7A3213DC398000EF9A4 /* IMMoviesResponse.swift */,
			);
			path = "Data Models";
			sourceTree = "<group>";
		};
		C82AD7A0213DB6CA000EF9A4 /* Network */ = {
			isa = PBXGroup;
			children = (
				C82AD7A1213DB6E8000EF9A4 /* IMNetworkTests.swift */,
			);
			path = Network;
			sourceTree = "<group>";
		};
		C82AD7A5213E6F09000EF9A4 /* Movie Images */ = {
			isa = PBXGroup;
			children = (
				C82AD7A6213E6F31000EF9A4 /* IMMovieImagesTest.swift */,
				C82AD7AB213E7CAF000EF9A4 /* IMDownloadImagesTest.swift */,
			);
			path = "Movie Images";
			sourceTree = "<group>";
		};
		C82AD7A8213E7013000EF9A4 /* Manager */ = {
			isa = PBXGroup;
			children = (
				C82AD7D7213F1C27000EF9A4 /* Search Suggestions */,
				C82AD7A9213E7030000EF9A4 /* IMMovieImageManager.swift */,
				C8DD21B82142B13900FE4E80 /* IMNetworkManager.swift */,
			);
			path = Manager;
			sourceTree = "<group>";
		};
		C82AD7B0213E8BF2000EF9A4 /* View Model */ = {
			isa = PBXGroup;
			children = (
				C82AD7B1213E8C11000EF9A4 /* IMMovieViewModel.swift */,
			);
			path = "View Model";
			sourceTree = "<group>";
		};
		C82AD7B9213E94E9000EF9A4 /* Cell */ = {
			isa = PBXGroup;
			children = (
				C82AD7BA213E9501000EF9A4 /* IMMovieTableViewCell.swift */,
			);
			path = Cell;
			sourceTree = "<group>";
		};
		C82AD7BC213EA074000EF9A4 /* Resources */ = {
			isa = PBXGroup;
			children = (
				C82AD7BD213EA084000EF9A4 /* Fonts */,
			);
			path = Resources;
			sourceTree = "<group>";
		};
		C82AD7BD213EA084000EF9A4 /* Fonts */ = {
			isa = PBXGroup;
			children = (
				C82AD7BE213EA084000EF9A4 /* InterUI-Bold.ttf */,
				C82AD7BF213EA084000EF9A4 /* InterUI-Black.ttf */,
				C82AD7C0213EA084000EF9A4 /* InterUI-MediumItalic.ttf */,
				C82AD7C1213EA084000EF9A4 /* InterUI-BlackItalic.ttf */,
				C82AD7C2213EA084000EF9A4 /* InterUI-BoldItalic.ttf */,
				C82AD7C3213EA084000EF9A4 /* InterUI-Medium.ttf */,
				C82AD7C4213EA084000EF9A4 /* InterUI-Regular.ttf */,
				C82AD7C5213EA084000EF9A4 /* InterUI-Italic.ttf */,
			);
			path = Fonts;
			sourceTree = "<group>";
		};
		C82AD7CE213EA0BB000EF9A4 /* UIFont */ = {
			isa = PBXGroup;
			children = (
				C82AD7CF213EA0C6000EF9A4 /* UIFont.swift */,
			);
			path = UIFont;
			sourceTree = "<group>";
		};
		C82AD7D1213EAF42000EF9A4 /* UILabel */ = {
			isa = PBXGroup;
			children = (
				C82AD7D2213EAF50000EF9A4 /* UILabel.swift */,
			);
			path = UILabel;
			sourceTree = "<group>";
		};
		C82AD7D4213ED7AA000EF9A4 /* Views */ = {
			isa = PBXGroup;
			children = (
				C80BD9EF213F2C87001B66EB /* Suggestions */,
				C82AD7D5213ED7C9000EF9A4 /* IMSearchView.swift */,
				C8C6B2FD214178F700F7653B /* IMTotalResultsView.swift */,
			);
			path = Views;
			sourceTree = "<group>";
		};
		C82AD7D7213F1C27000EF9A4 /* Search Suggestions */ = {
			isa = PBXGroup;
			children = (
				C82AD7DA213F1C83000EF9A4 /* Data Models */,
				C82AD7D8213F1C60000EF9A4 /* IMSearchSuggestionsManager.swift */,
			);
			path = "Search Suggestions";
			sourceTree = "<group>";
		};
		C82AD7DA213F1C83000EF9A4 /* Data Models */ = {
			isa = PBXGroup;
			children = (
				C82AD7DB213F1CA0000EF9A4 /* IMSearchSuggestion.swift */,
			);
			path = "Data Models";
			sourceTree = "<group>";
		};
		C8C54B76213D9F2400E8C5A0 = {
			isa = PBXGroup;
			children = (
				C8C54B81213D9F2500E8C5A0 /* iMovies */,
				C8C54B96213D9F2600E8C5A0 /* iMoviesTests */,
				C8C54B80213D9F2500E8C5A0 /* Products */,
				5A5CDF280F4EE8516DAB2A42 /* Pods */,
				F6C905871826AEED4C2B8B07 /* Frameworks */,
			);
			sourceTree = "<group>";
		};
		C8C54B80213D9F2500E8C5A0 /* Products */ = {
			isa = PBXGroup;
			children = (
				C8C54B7F213D9F2500E8C5A0 /* iMovies.app */,
				C8C54B93213D9F2600E8C5A0 /* iMoviesTests.xctest */,
			);
			name = Products;
			sourceTree = "<group>";
		};
		C8C54B81213D9F2500E8C5A0 /* iMovies */ = {
			isa = PBXGroup;
			children = (
				C8C6B2FF2141B2DF00F7653B /* Utils */,
				C82AD7AD213E7D33000EF9A4 /* iMovies-Bridging-Header.h */,
				C8C54B82213D9F2500E8C5A0 /* AppDelegate.swift */,
				C82AD77F213DA0D4000EF9A4 /* Views */,
				C82AD7A8213E7013000EF9A4 /* Manager */,
				C82AD783213DA542000EF9A4 /* Extensions */,
				C82AD787213DADB3000EF9A4 /* Network */,
				C82AD7BC213EA074000EF9A4 /* Resources */,
				C8C54B89213D9F2600E8C5A0 /* Assets.xcassets */,
				C8C54B8B213D9F2600E8C5A0 /* LaunchScreen.storyboard */,
				C8C54B8E213D9F2600E8C5A0 /* Info.plist */,
			);
			path = iMovies;
			sourceTree = "<group>";
		};
		C8C54B96213D9F2600E8C5A0 /* iMoviesTests */ = {
			isa = PBXGroup;
			children = (
				C8C6B2FA2141429B00F7653B /* Strings */,
				C80BD9E7213F22A3001B66EB /* Suggestions */,
				C82AD7A5213E6F09000EF9A4 /* Movie Images */,
				C82AD7A0213DB6CA000EF9A4 /* Network */,
				C8C54B99213D9F2600E8C5A0 /* Info.plist */,
			);
			path = iMoviesTests;
			sourceTree = "<group>";
		};
		C8C6B2F721413F8300F7653B /* String */ = {
			isa = PBXGroup;
			children = (
				C8C6B2F821413F8F00F7653B /* String.swift */,
			);
			path = String;
			sourceTree = "<group>";
		};
		C8C6B2FA2141429B00F7653B /* Strings */ = {
			isa = PBXGroup;
			children = (
				C8C6B2FB214142B600F7653B /* IMStringTest.swift */,
			);
			path = Strings;
			sourceTree = "<group>";
		};
		C8C6B2FF2141B2DF00F7653B /* Utils */ = {
			isa = PBXGroup;
			children = (
				C8C6B3012141B30200F7653B /* IMUtils.swift */,
			);
			path = Utils;
			sourceTree = "<group>";
		};
		C8C6B3072141C6CD00F7653B /* General Message */ = {
			isa = PBXGroup;
			children = (
				C8DD21B62142A07600FE4E80 /* IMGeneralMessageProtocols.swift */,
				C8C6B3082141C6F100F7653B /* IMGeneralMessageViewController.swift */,
				C8DD21B42142A04200FE4E80 /* IMGeneralMessagePresenter.swift */,
			);
			path = "General Message";
			sourceTree = "<group>";
		};
		C8FEDA90214049A300A54B23 /* Common */ = {
			isa = PBXGroup;
			children = (
				C8FEDA8E214046ED00A54B23 /* IMBaseViewController.swift */,
			);
			path = Common;
			sourceTree = "<group>";
		};
		F6C905871826AEED4C2B8B07 /* Frameworks */ = {
			isa = PBXGroup;
			children = (
				73EB7296C6701111E1B70B78 /* Pods_iMovies.framework */,
				5565C2F13912B931586FFAC7 /* Pods_iMoviesTests.framework */,
			);
			name = Frameworks;
			sourceTree = "<group>";
		};
/* End PBXGroup section */

/* Begin PBXNativeTarget section */
		C8C54B7E213D9F2500E8C5A0 /* iMovies */ = {
			isa = PBXNativeTarget;
			buildConfigurationList = C8C54B9C213D9F2600E8C5A0 /* Build configuration list for PBXNativeTarget "iMovies" */;
			buildPhases = (
				0EF6302FBDAB4129E472D69C /* [CP] Check Pods Manifest.lock */,
				C8C54B7B213D9F2500E8C5A0 /* Sources */,
				C8C54B7C213D9F2500E8C5A0 /* Frameworks */,
				C8C54B7D213D9F2500E8C5A0 /* Resources */,
				B13E01CC9C26903E5C1D8A08 /* [CP] Embed Pods Frameworks */,
			);
			buildRules = (
			);
			dependencies = (
			);
			name = iMovies;
			productName = iMovies;
			productReference = C8C54B7F213D9F2500E8C5A0 /* iMovies.app */;
			productType = "com.apple.product-type.application";
		};
		C8C54B92213D9F2600E8C5A0 /* iMoviesTests */ = {
			isa = PBXNativeTarget;
			buildConfigurationList = C8C54B9F213D9F2600E8C5A0 /* Build configuration list for PBXNativeTarget "iMoviesTests" */;
			buildPhases = (
				7F4426C1FC6D30E0EC32968E /* [CP] Check Pods Manifest.lock */,
				C8C54B8F213D9F2600E8C5A0 /* Sources */,
				C8C54B90213D9F2600E8C5A0 /* Frameworks */,
				C8C54B91213D9F2600E8C5A0 /* Resources */,
				853181290482E34DEF4F476E /* [CP] Embed Pods Frameworks */,
			);
			buildRules = (
			);
			dependencies = (
				C8C54B95213D9F2600E8C5A0 /* PBXTargetDependency */,
			);
			name = iMoviesTests;
			productName = iMoviesTests;
			productReference = C8C54B93213D9F2600E8C5A0 /* iMoviesTests.xctest */;
			productType = "com.apple.product-type.bundle.unit-test";
		};
/* End PBXNativeTarget section */

/* Begin PBXProject section */
		C8C54B77213D9F2400E8C5A0 /* Project object */ = {
			isa = PBXProject;
			attributes = {
				CLASSPREFIX = IM;
				LastSwiftUpdateCheck = 0940;
				LastUpgradeCheck = 0940;
				ORGANIZATIONNAME = Careem;
				TargetAttributes = {
					C8C54B7E213D9F2500E8C5A0 = {
						CreatedOnToolsVersion = 9.4.1;
					};
					C8C54B92213D9F2600E8C5A0 = {
						CreatedOnToolsVersion = 9.4.1;
						TestTargetID = C8C54B7E213D9F2500E8C5A0;
					};
				};
			};
			buildConfigurationList = C8C54B7A213D9F2400E8C5A0 /* Build configuration list for PBXProject "iMovies" */;
			compatibilityVersion = "Xcode 9.3";
			developmentRegion = en;
			hasScannedForEncodings = 0;
			knownRegions = (
				en,
				Base,
			);
			mainGroup = C8C54B76213D9F2400E8C5A0;
			productRefGroup = C8C54B80213D9F2500E8C5A0 /* Products */;
			projectDirPath = "";
			projectRoot = "";
			targets = (
				C8C54B7E213D9F2500E8C5A0 /* iMovies */,
				C8C54B92213D9F2600E8C5A0 /* iMoviesTests */,
			);
		};
/* End PBXProject section */

/* Begin PBXResourcesBuildPhase section */
		C8C54B7D213D9F2500E8C5A0 /* Resources */ = {
			isa = PBXResourcesBuildPhase;
			buildActionMask = 2147483647;
			files = (
				C8C54B8D213D9F2600E8C5A0 /* LaunchScreen.storyboard in Resources */,
				C82AD7C9213EA085000EF9A4 /* InterUI-BlackItalic.ttf in Resources */,
				C82AD7CA213EA085000EF9A4 /* InterUI-BoldItalic.ttf in Resources */,
				C82AD7CD213EA085000EF9A4 /* InterUI-Italic.ttf in Resources */,
				C82AD7C6213EA085000EF9A4 /* InterUI-Bold.ttf in Resources */,
				C82AD7CB213EA085000EF9A4 /* InterUI-Medium.ttf in Resources */,
				C82AD7C8213EA085000EF9A4 /* InterUI-MediumItalic.ttf in Resources */,
				C8C54B8A213D9F2600E8C5A0 /* Assets.xcassets in Resources */,
				C82AD7C7213EA085000EF9A4 /* InterUI-Black.ttf in Resources */,
				C82AD7CC213EA085000EF9A4 /* InterUI-Regular.ttf in Resources */,
			);
			runOnlyForDeploymentPostprocessing = 0;
		};
		C8C54B91213D9F2600E8C5A0 /* Resources */ = {
			isa = PBXResourcesBuildPhase;
			buildActionMask = 2147483647;
			files = (
			);
			runOnlyForDeploymentPostprocessing = 0;
		};
/* End PBXResourcesBuildPhase section */

/* Begin PBXShellScriptBuildPhase section */
		0EF6302FBDAB4129E472D69C /* [CP] Check Pods Manifest.lock */ = {
			isa = PBXShellScriptBuildPhase;
			buildActionMask = 2147483647;
			files = (
			);
			inputPaths = (
				"${PODS_PODFILE_DIR_PATH}/Podfile.lock",
				"${PODS_ROOT}/Manifest.lock",
			);
			name = "[CP] Check Pods Manifest.lock";
			outputPaths = (
				"$(DERIVED_FILE_DIR)/Pods-iMovies-checkManifestLockResult.txt",
			);
			runOnlyForDeploymentPostprocessing = 0;
			shellPath = /bin/sh;
			shellScript = "diff \"${PODS_PODFILE_DIR_PATH}/Podfile.lock\" \"${PODS_ROOT}/Manifest.lock\" > /dev/null\nif [ $? != 0 ] ; then\n    # print error to STDERR\n    echo \"error: The sandbox is not in sync with the Podfile.lock. Run 'pod install' or update your CocoaPods installation.\" >&2\n    exit 1\nfi\n# This output is used by Xcode 'outputs' to avoid re-running this script phase.\necho \"SUCCESS\" > \"${SCRIPT_OUTPUT_FILE_0}\"\n";
			showEnvVarsInLog = 0;
		};
		7F4426C1FC6D30E0EC32968E /* [CP] Check Pods Manifest.lock */ = {
			isa = PBXShellScriptBuildPhase;
			buildActionMask = 2147483647;
			files = (
			);
			inputPaths = (
				"${PODS_PODFILE_DIR_PATH}/Podfile.lock",
				"${PODS_ROOT}/Manifest.lock",
			);
			name = "[CP] Check Pods Manifest.lock";
			outputPaths = (
				"$(DERIVED_FILE_DIR)/Pods-iMoviesTests-checkManifestLockResult.txt",
			);
			runOnlyForDeploymentPostprocessing = 0;
			shellPath = /bin/sh;
			shellScript = "diff \"${PODS_PODFILE_DIR_PATH}/Podfile.lock\" \"${PODS_ROOT}/Manifest.lock\" > /dev/null\nif [ $? != 0 ] ; then\n    # print error to STDERR\n    echo \"error: The sandbox is not in sync with the Podfile.lock. Run 'pod install' or update your CocoaPods installation.\" >&2\n    exit 1\nfi\n# This output is used by Xcode 'outputs' to avoid re-running this script phase.\necho \"SUCCESS\" > \"${SCRIPT_OUTPUT_FILE_0}\"\n";
			showEnvVarsInLog = 0;
		};
		853181290482E34DEF4F476E /* [CP] Embed Pods Frameworks */ = {
			isa = PBXShellScriptBuildPhase;
			buildActionMask = 2147483647;
			files = (
			);
			inputPaths = (
				"${SRCROOT}/Pods/Target Support Files/Pods-iMoviesTests/Pods-iMoviesTests-frameworks.sh",
				"${BUILT_PRODUCTS_DIR}/EDStarRating/EDStarRating.framework",
				"${BUILT_PRODUCTS_DIR}/Haneke/Haneke.framework",
				"${BUILT_PRODUCTS_DIR}/ReachabilitySwift/Reachability.framework",
				"${BUILT_PRODUCTS_DIR}/Realm/Realm.framework",
				"${BUILT_PRODUCTS_DIR}/RealmSwift/RealmSwift.framework",
				"${BUILT_PRODUCTS_DIR}/SVProgressHUD/SVProgressHUD.framework",
			);
			name = "[CP] Embed Pods Frameworks";
			outputPaths = (
				"${TARGET_BUILD_DIR}/${FRAMEWORKS_FOLDER_PATH}/EDStarRating.framework",
				"${TARGET_BUILD_DIR}/${FRAMEWORKS_FOLDER_PATH}/Haneke.framework",
				"${TARGET_BUILD_DIR}/${FRAMEWORKS_FOLDER_PATH}/Reachability.framework",
				"${TARGET_BUILD_DIR}/${FRAMEWORKS_FOLDER_PATH}/Realm.framework",
				"${TARGET_BUILD_DIR}/${FRAMEWORKS_FOLDER_PATH}/RealmSwift.framework",
				"${TARGET_BUILD_DIR}/${FRAMEWORKS_FOLDER_PATH}/SVProgressHUD.framework",
			);
			runOnlyForDeploymentPostprocessing = 0;
			shellPath = /bin/sh;
			shellScript = "\"${SRCROOT}/Pods/Target Support Files/Pods-iMoviesTests/Pods-iMoviesTests-frameworks.sh\"\n";
			showEnvVarsInLog = 0;
		};
		B13E01CC9C26903E5C1D8A08 /* [CP] Embed Pods Frameworks */ = {
			isa = PBXShellScriptBuildPhase;
			buildActionMask = 2147483647;
			files = (
			);
			inputPaths = (
				"${SRCROOT}/Pods/Target Support Files/Pods-iMovies/Pods-iMovies-frameworks.sh",
				"${BUILT_PRODUCTS_DIR}/EDStarRating/EDStarRating.framework",
				"${BUILT_PRODUCTS_DIR}/Haneke/Haneke.framework",
				"${BUILT_PRODUCTS_DIR}/ReachabilitySwift/Reachability.framework",
				"${BUILT_PRODUCTS_DIR}/Realm/Realm.framework",
				"${BUILT_PRODUCTS_DIR}/RealmSwift/RealmSwift.framework",
				"${BUILT_PRODUCTS_DIR}/SVProgressHUD/SVProgressHUD.framework",
			);
			name = "[CP] Embed Pods Frameworks";
			outputPaths = (
				"${TARGET_BUILD_DIR}/${FRAMEWORKS_FOLDER_PATH}/EDStarRating.framework",
				"${TARGET_BUILD_DIR}/${FRAMEWORKS_FOLDER_PATH}/Haneke.framework",
				"${TARGET_BUILD_DIR}/${FRAMEWORKS_FOLDER_PATH}/Reachability.framework",
				"${TARGET_BUILD_DIR}/${FRAMEWORKS_FOLDER_PATH}/Realm.framework",
				"${TARGET_BUILD_DIR}/${FRAMEWORKS_FOLDER_PATH}/RealmSwift.framework",
				"${TARGET_BUILD_DIR}/${FRAMEWORKS_FOLDER_PATH}/SVProgressHUD.framework",
			);
			runOnlyForDeploymentPostprocessing = 0;
			shellPath = /bin/sh;
			shellScript = "\"${SRCROOT}/Pods/Target Support Files/Pods-iMovies/Pods-iMovies-frameworks.sh\"\n";
			showEnvVarsInLog = 0;
		};
/* End PBXShellScriptBuildPhase section */

/* Begin PBXSourcesBuildPhase section */
		C8C54B7B213D9F2500E8C5A0 /* Sources */ = {
			isa = PBXSourcesBuildPhase;
			buildActionMask = 2147483647;
			files = (
				C82AD790213DB194000EF9A4 /* IMRequestErrors.swift in Sources */,
				C82AD782213DA12A000EF9A4 /* IMSearchViewController.swift in Sources */,
				C82AD7B6213E8F90000EF9A4 /* IMSearchPresenter.swift in Sources */,
				C82AD7D9213F1C60000EF9A4 /* IMSearchSuggestionsManager.swift in Sources */,
				C82AD7A4213DC398000EF9A4 /* IMMoviesResponse.swift in Sources */,
				C8FEDA8F214046ED00A54B23 /* IMBaseViewController.swift in Sources */,
				C82AD7B2213E8C11000EF9A4 /* IMMovieViewModel.swift in Sources */,
				C80BD9F7213F38BD001B66EB /* IMSuggestionsDatasource.swift in Sources */,
				C82AD792213DB1B7000EF9A4 /* HTTPCode.swift in Sources */,
				C82AD7AA213E7030000EF9A4 /* IMMovieImageManager.swift in Sources */,
				C82AD78E213DB130000EF9A4 /* ResultError.swift in Sources */,
				C82AD7B4213E8ECA000EF9A4 /* IMSearchInteractor.swift in Sources */,
				C8C6B2F921413F8F00F7653B /* String.swift in Sources */,
				C82AD786213DA55A000EF9A4 /* UIView.swift in Sources */,
				C8C6B3022141B30200F7653B /* IMUtils.swift in Sources */,
				C80BD9F5213F379B001B66EB /* IMSuggestionTableViewCell.swift in Sources */,
				C82AD79F213DB447000EF9A4 /* IMGetMoviesRequest.swift in Sources */,
				C82AD7B8213E9444000EF9A4 /* IMSearchDataSource.swift in Sources */,
				C82AD7AF213E89EE000EF9A4 /* IMSearchProtocols.swift in Sources */,
				C82AD794213DB1CF000EF9A4 /* NetworkHeaders.swift in Sources */,
				C8DD21B52142A04200FE4E80 /* IMGeneralMessagePresenter.swift in Sources */,
				C82AD7D3213EAF50000EF9A4 /* UILabel.swift in Sources */,
				C82AD7BB213E9501000EF9A4 /* IMMovieTableViewCell.swift in Sources */,
				C82AD7DC213F1CA0000EF9A4 /* IMSearchSuggestion.swift in Sources */,
				C8DD21B72142A07600FE4E80 /* IMGeneralMessageProtocols.swift in Sources */,
				C82AD796213DB20B000EF9A4 /* RequestManager.swift in Sources */,
				C82AD7D6213ED7C9000EF9A4 /* IMSearchView.swift in Sources */,
				C80BD9F3213F36EA001B66EB /* IMSuggestionViewModel.swift in Sources */,
				C82AD78B213DADF9000EF9A4 /* EndPoint.swift in Sources */,
				C8C6B3092141C6F100F7653B /* IMGeneralMessageViewController.swift in Sources */,
				C8C6B2FE214178F700F7653B /* IMTotalResultsView.swift in Sources */,
				C82AD7D0213EA0C6000EF9A4 /* UIFont.swift in Sources */,
				C80BD9EC213F2C2C001B66EB /* Results.swift in Sources */,
				C8C54B83213D9F2500E8C5A0 /* AppDelegate.swift in Sources */,
				C80BD9FA213F452E001B66EB /* Date.swift in Sources */,
				C80BD9EE213F2C83001B66EB /* IMSuggestionsView.swift in Sources */,
				C82AD798213DB217000EF9A4 /* RequestProtocol.swift in Sources */,
				C82AD79A213DB226000EF9A4 /* Result.swift in Sources */,
				C8DD21B92142B13900FE4E80 /* IMNetworkManager.swift in Sources */,
			);
			runOnlyForDeploymentPostprocessing = 0;
		};
		C8C54B8F213D9F2600E8C5A0 /* Sources */ = {
			isa = PBXSourcesBuildPhase;
			buildActionMask = 2147483647;
			files = (
				C8C6B2FC214142B600F7653B /* IMStringTest.swift in Sources */,
				C82AD7A7213E6F31000EF9A4 /* IMMovieImagesTest.swift in Sources */,
				C82AD7AC213E7CAF000EF9A4 /* IMDownloadImagesTest.swift in Sources */,
				C82AD7A2213DB6E8000EF9A4 /* IMNetworkTests.swift in Sources */,
				C80BD9E9213F22BE001B66EB /* IMSuggestionsTest.swift in Sources */,
			);
			runOnlyForDeploymentPostprocessing = 0;
		};
/* End PBXSourcesBuildPhase section */

/* Begin PBXTargetDependency section */
		C8C54B95213D9F2600E8C5A0 /* PBXTargetDependency */ = {
			isa = PBXTargetDependency;
			target = C8C54B7E213D9F2500E8C5A0 /* iMovies */;
			targetProxy = C8C54B94213D9F2600E8C5A0 /* PBXContainerItemProxy */;
		};
/* End PBXTargetDependency section */

/* Begin PBXVariantGroup section */
		C8C54B8B213D9F2600E8C5A0 /* LaunchScreen.storyboard */ = {
			isa = PBXVariantGroup;
			children = (
				C8C54B8C213D9F2600E8C5A0 /* Base */,
			);
			name = LaunchScreen.storyboard;
			sourceTree = "<group>";
		};
/* End PBXVariantGroup section */

/* Begin XCBuildConfiguration section */
		C8C54B9A213D9F2600E8C5A0 /* Debug */ = {
			isa = XCBuildConfiguration;
			buildSettings = {
				ALWAYS_SEARCH_USER_PATHS = NO;
				CLANG_ANALYZER_NONNULL = YES;
				CLANG_ANALYZER_NUMBER_OBJECT_CONVERSION = YES_AGGRESSIVE;
				CLANG_CXX_LANGUAGE_STANDARD = "gnu++14";
				CLANG_CXX_LIBRARY = "libc++";
				CLANG_ENABLE_MODULES = YES;
				CLANG_ENABLE_OBJC_ARC = YES;
				CLANG_ENABLE_OBJC_WEAK = YES;
				CLANG_WARN_BLOCK_CAPTURE_AUTORELEASING = YES;
				CLANG_WARN_BOOL_CONVERSION = YES;
				CLANG_WARN_COMMA = YES;
				CLANG_WARN_CONSTANT_CONVERSION = YES;
				CLANG_WARN_DEPRECATED_OBJC_IMPLEMENTATIONS = YES;
				CLANG_WARN_DIRECT_OBJC_ISA_USAGE = YES_ERROR;
				CLANG_WARN_DOCUMENTATION_COMMENTS = YES;
				CLANG_WARN_EMPTY_BODY = YES;
				CLANG_WARN_ENUM_CONVERSION = YES;
				CLANG_WARN_INFINITE_RECURSION = YES;
				CLANG_WARN_INT_CONVERSION = YES;
				CLANG_WARN_NON_LITERAL_NULL_CONVERSION = YES;
				CLANG_WARN_OBJC_IMPLICIT_RETAIN_SELF = YES;
				CLANG_WARN_OBJC_LITERAL_CONVERSION = YES;
				CLANG_WARN_OBJC_ROOT_CLASS = YES_ERROR;
				CLANG_WARN_RANGE_LOOP_ANALYSIS = YES;
				CLANG_WARN_STRICT_PROTOTYPES = YES;
				CLANG_WARN_SUSPICIOUS_MOVE = YES;
				CLANG_WARN_UNGUARDED_AVAILABILITY = YES_AGGRESSIVE;
				CLANG_WARN_UNREACHABLE_CODE = YES;
				CLANG_WARN__DUPLICATE_METHOD_MATCH = YES;
				CODE_SIGN_IDENTITY = "iPhone Developer";
				COPY_PHASE_STRIP = NO;
				DEBUG_INFORMATION_FORMAT = dwarf;
				ENABLE_STRICT_OBJC_MSGSEND = YES;
				ENABLE_TESTABILITY = YES;
				GCC_C_LANGUAGE_STANDARD = gnu11;
				GCC_DYNAMIC_NO_PIC = NO;
				GCC_NO_COMMON_BLOCKS = YES;
				GCC_OPTIMIZATION_LEVEL = 0;
				GCC_PREPROCESSOR_DEFINITIONS = (
					"DEBUG=1",
					"$(inherited)",
				);
				GCC_WARN_64_TO_32_BIT_CONVERSION = YES;
				GCC_WARN_ABOUT_RETURN_TYPE = YES_ERROR;
				GCC_WARN_UNDECLARED_SELECTOR = YES;
				GCC_WARN_UNINITIALIZED_AUTOS = YES_AGGRESSIVE;
				GCC_WARN_UNUSED_FUNCTION = YES;
				GCC_WARN_UNUSED_VARIABLE = YES;
				IPHONEOS_DEPLOYMENT_TARGET = 11.4;
				MTL_ENABLE_DEBUG_INFO = YES;
				ONLY_ACTIVE_ARCH = YES;
				SDKROOT = iphoneos;
				SWIFT_ACTIVE_COMPILATION_CONDITIONS = DEBUG;
				SWIFT_OPTIMIZATION_LEVEL = "-Onone";
			};
			name = Debug;
		};
		C8C54B9B213D9F2600E8C5A0 /* Release */ = {
			isa = XCBuildConfiguration;
			buildSettings = {
				ALWAYS_SEARCH_USER_PATHS = NO;
				CLANG_ANALYZER_NONNULL = YES;
				CLANG_ANALYZER_NUMBER_OBJECT_CONVERSION = YES_AGGRESSIVE;
				CLANG_CXX_LANGUAGE_STANDARD = "gnu++14";
				CLANG_CXX_LIBRARY = "libc++";
				CLANG_ENABLE_MODULES = YES;
				CLANG_ENABLE_OBJC_ARC = YES;
				CLANG_ENABLE_OBJC_WEAK = YES;
				CLANG_WARN_BLOCK_CAPTURE_AUTORELEASING = YES;
				CLANG_WARN_BOOL_CONVERSION = YES;
				CLANG_WARN_COMMA = YES;
				CLANG_WARN_CONSTANT_CONVERSION = YES;
				CLANG_WARN_DEPRECATED_OBJC_IMPLEMENTATIONS = YES;
				CLANG_WARN_DIRECT_OBJC_ISA_USAGE = YES_ERROR;
				CLANG_WARN_DOCUMENTATION_COMMENTS = YES;
				CLANG_WARN_EMPTY_BODY = YES;
				CLANG_WARN_ENUM_CONVERSION = YES;
				CLANG_WARN_INFINITE_RECURSION = YES;
				CLANG_WARN_INT_CONVERSION = YES;
				CLANG_WARN_NON_LITERAL_NULL_CONVERSION = YES;
				CLANG_WARN_OBJC_IMPLICIT_RETAIN_SELF = YES;
				CLANG_WARN_OBJC_LITERAL_CONVERSION = YES;
				CLANG_WARN_OBJC_ROOT_CLASS = YES_ERROR;
				CLANG_WARN_RANGE_LOOP_ANALYSIS = YES;
				CLANG_WARN_STRICT_PROTOTYPES = YES;
				CLANG_WARN_SUSPICIOUS_MOVE = YES;
				CLANG_WARN_UNGUARDED_AVAILABILITY = YES_AGGRESSIVE;
				CLANG_WARN_UNREACHABLE_CODE = YES;
				CLANG_WARN__DUPLICATE_METHOD_MATCH = YES;
				CODE_SIGN_IDENTITY = "iPhone Developer";
				COPY_PHASE_STRIP = NO;
				DEBUG_INFORMATION_FORMAT = "dwarf-with-dsym";
				ENABLE_NS_ASSERTIONS = NO;
				ENABLE_STRICT_OBJC_MSGSEND = YES;
				GCC_C_LANGUAGE_STANDARD = gnu11;
				GCC_NO_COMMON_BLOCKS = YES;
				GCC_WARN_64_TO_32_BIT_CONVERSION = YES;
				GCC_WARN_ABOUT_RETURN_TYPE = YES_ERROR;
				GCC_WARN_UNDECLARED_SELECTOR = YES;
				GCC_WARN_UNINITIALIZED_AUTOS = YES_AGGRESSIVE;
				GCC_WARN_UNUSED_FUNCTION = YES;
				GCC_WARN_UNUSED_VARIABLE = YES;
				IPHONEOS_DEPLOYMENT_TARGET = 11.4;
				MTL_ENABLE_DEBUG_INFO = NO;
				SDKROOT = iphoneos;
				SWIFT_COMPILATION_MODE = wholemodule;
				SWIFT_OPTIMIZATION_LEVEL = "-O";
				VALIDATE_PRODUCT = YES;
			};
			name = Release;
		};
		C8C54B9D213D9F2600E8C5A0 /* Debug */ = {
			isa = XCBuildConfiguration;
			baseConfigurationReference = D0331BA2DFB2B9E43C2257A2 /* Pods-iMovies.debug.xcconfig */;
			buildSettings = {
				ASSETCATALOG_COMPILER_APPICON_NAME = AppIcon;
				CODE_SIGN_STYLE = Automatic;
				DEVELOPMENT_TEAM = 5753N2Y6RP;
				INFOPLIST_FILE = iMovies/Info.plist;
				IPHONEOS_DEPLOYMENT_TARGET = 9.0;
				LD_RUNPATH_SEARCH_PATHS = (
					"$(inherited)",
					"@executable_path/Frameworks",
				);
				PRODUCT_BUNDLE_IDENTIFIER = com.careem.iMovies;
				PRODUCT_NAME = "$(TARGET_NAME)";
				SWIFT_OBJC_BRIDGING_HEADER = "iMovies/iMovies-Bridging-Header.h";
				SWIFT_VERSION = 4.0;
				TARGETED_DEVICE_FAMILY = "1,2";
			};
			name = Debug;
		};
		C8C54B9E213D9F2600E8C5A0 /* Release */ = {
			isa = XCBuildConfiguration;
			baseConfigurationReference = 0153EB52AF137A0289902E5C /* Pods-iMovies.release.xcconfig */;
			buildSettings = {
				ASSETCATALOG_COMPILER_APPICON_NAME = AppIcon;
				CODE_SIGN_STYLE = Automatic;
				DEVELOPMENT_TEAM = 5753N2Y6RP;
				INFOPLIST_FILE = iMovies/Info.plist;
				IPHONEOS_DEPLOYMENT_TARGET = 9.0;
				LD_RUNPATH_SEARCH_PATHS = (
					"$(inherited)",
					"@executable_path/Frameworks",
				);
				PRODUCT_BUNDLE_IDENTIFIER = com.careem.iMovies;
				PRODUCT_NAME = "$(TARGET_NAME)";
				SWIFT_OBJC_BRIDGING_HEADER = "iMovies/iMovies-Bridging-Header.h";
				SWIFT_VERSION = 4.0;
				TARGETED_DEVICE_FAMILY = "1,2";
			};
			name = Release;
		};
		C8C54BA0213D9F2600E8C5A0 /* Debug */ = {
			isa = XCBuildConfiguration;
			baseConfigurationReference = 86835C74085F076D13B3E165 /* Pods-iMoviesTests.debug.xcconfig */;
			buildSettings = {
				ALWAYS_EMBED_SWIFT_STANDARD_LIBRARIES = YES;
				BUNDLE_LOADER = "$(TEST_HOST)";
				CODE_SIGN_STYLE = Automatic;
				DEVELOPMENT_TEAM = 5753N2Y6RP;
				INFOPLIST_FILE = iMoviesTests/Info.plist;
				LD_RUNPATH_SEARCH_PATHS = (
					"$(inherited)",
					"@executable_path/Frameworks",
					"@loader_path/Frameworks",
				);
				PRODUCT_BUNDLE_IDENTIFIER = com.careem.iMoviesTests;
				PRODUCT_NAME = "$(TARGET_NAME)";
				SWIFT_VERSION = 4.0;
				TARGETED_DEVICE_FAMILY = "1,2";
				TEST_HOST = "$(BUILT_PRODUCTS_DIR)/iMovies.app/iMovies";
			};
			name = Debug;
		};
		C8C54BA1213D9F2600E8C5A0 /* Release */ = {
			isa = XCBuildConfiguration;
			baseConfigurationReference = 7631A82C09F8DA847EBA1F94 /* Pods-iMoviesTests.release.xcconfig */;
			buildSettings = {
				ALWAYS_EMBED_SWIFT_STANDARD_LIBRARIES = YES;
				BUNDLE_LOADER = "$(TEST_HOST)";
				CODE_SIGN_STYLE = Automatic;
				DEVELOPMENT_TEAM = 5753N2Y6RP;
				INFOPLIST_FILE = iMoviesTests/Info.plist;
				LD_RUNPATH_SEARCH_PATHS = (
					"$(inherited)",
					"@executable_path/Frameworks",
					"@loader_path/Frameworks",
				);
				PRODUCT_BUNDLE_IDENTIFIER = com.careem.iMoviesTests;
				PRODUCT_NAME = "$(TARGET_NAME)";
				SWIFT_VERSION = 4.0;
				TARGETED_DEVICE_FAMILY = "1,2";
				TEST_HOST = "$(BUILT_PRODUCTS_DIR)/iMovies.app/iMovies";
			};
			name = Release;
		};
/* End XCBuildConfiguration section */

/* Begin XCConfigurationList section */
		C8C54B7A213D9F2400E8C5A0 /* Build configuration list for PBXProject "iMovies" */ = {
			isa = XCConfigurationList;
			buildConfigurations = (
				C8C54B9A213D9F2600E8C5A0 /* Debug */,
				C8C54B9B213D9F2600E8C5A0 /* Release */,
			);
			defaultConfigurationIsVisible = 0;
			defaultConfigurationName = Release;
		};
		C8C54B9C213D9F2600E8C5A0 /* Build configuration list for PBXNativeTarget "iMovies" */ = {
			isa = XCConfigurationList;
			buildConfigurations = (
				C8C54B9D213D9F2600E8C5A0 /* Debug */,
				C8C54B9E213D9F2600E8C5A0 /* Release */,
			);
			defaultConfigurationIsVisible = 0;
			defaultConfigurationName = Release;
		};
		C8C54B9F213D9F2600E8C5A0 /* Build configuration list for PBXNativeTarget "iMoviesTests" */ = {
			isa = XCConfigurationList;
			buildConfigurations = (
				C8C54BA0213D9F2600E8C5A0 /* Debug */,
				C8C54BA1213D9F2600E8C5A0 /* Release */,
			);
			defaultConfigurationIsVisible = 0;
			defaultConfigurationName = Release;
		};
/* End XCConfigurationList section */
	};
	rootObject = C8C54B77213D9F2400E8C5A0 /* Project object */;
}
